// !$*UTF8*$!
{
	archiveVersion = 1;
	classes = {
	};
	objectVersion = 50;
	objects = {

/* Begin PBXBuildFile section */
		920BA47C242237F700256CF1 /* CollectionViewTouchBarItem.swift in Sources */ = {isa = PBXBuildFile; fileRef = 920BA47B242237F700256CF1 /* CollectionViewTouchBarItem.swift */; };
		920BA47E2422492D00256CF1 /* EmptyTouchBarItemInfoView.swift in Sources */ = {isa = PBXBuildFile; fileRef = 920BA47D2422492C00256CF1 /* EmptyTouchBarItemInfoView.swift */; };
		927C63202430E29200B03CF2 /* ProjectBundleConstant.swift in Sources */ = {isa = PBXBuildFile; fileRef = 927C631E2430E28000B03CF2 /* ProjectBundleConstant.swift */; };
		927C63212430E29500B03CF2 /* ProjectBundleResolver.swift in Sources */ = {isa = PBXBuildFile; fileRef = 927C631D2430E28000B03CF2 /* ProjectBundleResolver.swift */; };
		927C63382430E5F200B03CF2 /* DownloaderService.swift in Sources */ = {isa = PBXBuildFile; fileRef = 927C63372430E5F100B03CF2 /* DownloaderService.swift */; };
		929448D5243B852D00DD02FF /* SpotlightWhitelist.json in Resources */ = {isa = PBXBuildFile; fileRef = 92ACEA8E2412A220009994EB /* SpotlightWhitelist.json */; };
		92ACEA5C2412A214009994EB /* TouchletCore.h in Headers */ = {isa = PBXBuildFile; fileRef = 92ACEA5A2412A214009994EB /* TouchletCore.h */; settings = {ATTRIBUTES = (Public, ); }; };
		92ACEADA2412A670009994EB /* NSDataExtension.swift in Sources */ = {isa = PBXBuildFile; fileRef = 92ACEA6F2412A21F009994EB /* NSDataExtension.swift */; };
		92ACEADB2412A670009994EB /* NSViewControllerExtension.swift in Sources */ = {isa = PBXBuildFile; fileRef = 92ACEA702412A21F009994EB /* NSViewControllerExtension.swift */; };
		92ACEADC2412A670009994EB /* NSStringExtension.swift in Sources */ = {isa = PBXBuildFile; fileRef = 92ACEA712412A21F009994EB /* NSStringExtension.swift */; };
		92ACEADD2412A670009994EB /* NSViewExtension.swift in Sources */ = {isa = PBXBuildFile; fileRef = 92ACEA722412A21F009994EB /* NSViewExtension.swift */; };
		92ACEADE2412A670009994EB /* NSScrollViewExtension.swift in Sources */ = {isa = PBXBuildFile; fileRef = 92ACEA732412A21F009994EB /* NSScrollViewExtension.swift */; };
		92ACEADF2412A670009994EB /* NSCollectionViewItem.swift in Sources */ = {isa = PBXBuildFile; fileRef = 92ACEA742412A21F009994EB /* NSCollectionViewItem.swift */; };
		92ACEAE02412A670009994EB /* NSColorExtension.swift in Sources */ = {isa = PBXBuildFile; fileRef = 92ACEA752412A21F009994EB /* NSColorExtension.swift */; };
		92ACEAE12412A670009994EB /* NSWindowExtension.swift in Sources */ = {isa = PBXBuildFile; fileRef = 92ACEA762412A21F009994EB /* NSWindowExtension.swift */; };
		92ACEAE22412A670009994EB /* NSImageExtension.swift in Sources */ = {isa = PBXBuildFile; fileRef = 92ACEA772412A21F009994EB /* NSImageExtension.swift */; };
		92ACEAE32412A670009994EB /* NSCursorHelper.swift in Sources */ = {isa = PBXBuildFile; fileRef = 92ACEA782412A21F009994EB /* NSCursorHelper.swift */; };
		92ACEAE52412A678009994EB /* FaviconProvider.swift in Sources */ = {isa = PBXBuildFile; fileRef = 92ACEA862412A21F009994EB /* FaviconProvider.swift */; };
		92ACEAE62412A678009994EB /* global.swift in Sources */ = {isa = PBXBuildFile; fileRef = 92ACEA852412A21F009994EB /* global.swift */; };
		92ACEAE72412A67E009994EB /* GlobalKeybindPreferences.swift in Sources */ = {isa = PBXBuildFile; fileRef = 92ACEA6B2412A21F009994EB /* GlobalKeybindPreferences.swift */; };
		92ACEAE82412A67E009994EB /* GlobalKeybindPreferencesStore.swift in Sources */ = {isa = PBXBuildFile; fileRef = 92ACEA6C2412A21F009994EB /* GlobalKeybindPreferencesStore.swift */; };
		92ACEAE92412A683009994EB /* SpotlightItem.swift in Sources */ = {isa = PBXBuildFile; fileRef = 92ACEA8D2412A220009994EB /* SpotlightItem.swift */; };
		92ACEAEB2412A683009994EB /* SpotlightResult.swift in Sources */ = {isa = PBXBuildFile; fileRef = 92ACEA8F2412A220009994EB /* SpotlightResult.swift */; };
		92ACEAEC2412A683009994EB /* SpotlightRepository.swift in Sources */ = {isa = PBXBuildFile; fileRef = 92ACEA902412A220009994EB /* SpotlightRepository.swift */; };
		92ACEAEF2412A68E009994EB /* Cache.swift in Sources */ = {isa = PBXBuildFile; fileRef = 92ACEA8A2412A21F009994EB /* Cache.swift */; };
		92ACEAF02412A693009994EB /* Theme.swift in Sources */ = {isa = PBXBuildFile; fileRef = 92ACEA622412A21E009994EB /* Theme.swift */; };
		92ACEAF12412A6A8009994EB /* EditableTouchBarController.swift in Sources */ = {isa = PBXBuildFile; fileRef = 92ACEA7A2412A21F009994EB /* EditableTouchBarController.swift */; };
		92ACEAF22412A6A8009994EB /* CollectionItemDragObserver.swift in Sources */ = {isa = PBXBuildFile; fileRef = 92ACEA7B2412A21F009994EB /* CollectionItemDragObserver.swift */; };
		92ACEAF32412A6A8009994EB /* TouchBarCollectionViewItem.swift in Sources */ = {isa = PBXBuildFile; fileRef = 92ACEA7C2412A21F009994EB /* TouchBarCollectionViewItem.swift */; };
		92ACEAF42412A6A8009994EB /* ReadonlyTouchBarController.swift in Sources */ = {isa = PBXBuildFile; fileRef = 92ACEA7D2412A21F009994EB /* ReadonlyTouchBarController.swift */; };
		92ACEAF52412A6AC009994EB /* TouchBarItem.swift in Sources */ = {isa = PBXBuildFile; fileRef = 92ACEA7E2412A21F009994EB /* TouchBarItem.swift */; };
		92ACEAF62412A6B0009994EB /* TouchBarItemStore.swift in Sources */ = {isa = PBXBuildFile; fileRef = 92ACEA802412A21F009994EB /* TouchBarItemStore.swift */; };
		92ACEAF72412A6B0009994EB /* TouchBarItemFileStorage.swift in Sources */ = {isa = PBXBuildFile; fileRef = 92ACEA812412A21F009994EB /* TouchBarItemFileStorage.swift */; };
		92ACEAF82412A6B0009994EB /* TouchBarItemUserDefault.swift in Sources */ = {isa = PBXBuildFile; fileRef = 92ACEA822412A21F009994EB /* TouchBarItemUserDefault.swift */; };
		92ACEAF92412A6B6009994EB /* Logger.swift in Sources */ = {isa = PBXBuildFile; fileRef = 92ACEA642412A21F009994EB /* Logger.swift */; };
		92ACEAFA2412A6B6009994EB /* FileLoader.swift in Sources */ = {isa = PBXBuildFile; fileRef = 92ACEA652412A21F009994EB /* FileLoader.swift */; };
		92ACEAFB2412A6B6009994EB /* Utility.swift in Sources */ = {isa = PBXBuildFile; fileRef = 92ACEA662412A21F009994EB /* Utility.swift */; };
		92ACEAFC2412A6BA009994EB /* EditableTextField.swift in Sources */ = {isa = PBXBuildFile; fileRef = 92ACEA682412A21F009994EB /* EditableTextField.swift */; };
		92ACEAFD2412A6BA009994EB /* NibLoadable.swift in Sources */ = {isa = PBXBuildFile; fileRef = 92ACEA692412A21F009994EB /* NibLoadable.swift */; };
		92C85C91242905F200002173 /* NetworkRequest.swift in Sources */ = {isa = PBXBuildFile; fileRef = 92C85C90242905F200002173 /* NetworkRequest.swift */; };
		92EE135424234D36001513A8 /* RoundedRectButton.swift in Sources */ = {isa = PBXBuildFile; fileRef = 92EE135324234D36001513A8 /* RoundedRectButton.swift */; };
		92EE41C22412BB9700987DDE /* ContentTypes.swift in Sources */ = {isa = PBXBuildFile; fileRef = 92EE41B72412BB9700987DDE /* ContentTypes.swift */; };
		92EE41C32412BB9700987DDE /* Icon.swift in Sources */ = {isa = PBXBuildFile; fileRef = 92EE41B82412BB9700987DDE /* Icon.swift */; };
		92EE41C42412BB9700987DDE /* IconType.swift in Sources */ = {isa = PBXBuildFile; fileRef = 92EE41B92412BB9700987DDE /* IconType.swift */; };
		92EE41C52412BB9700987DDE /* Download.swift in Sources */ = {isa = PBXBuildFile; fileRef = 92EE41BA2412BB9700987DDE /* Download.swift */; };
		92EE41C62412BB9700987DDE /* HTML.swift in Sources */ = {isa = PBXBuildFile; fileRef = 92EE41BB2412BB9700987DDE /* HTML.swift */; };
		92EE41C72412BB9700987DDE /* FavIcon.swift in Sources */ = {isa = PBXBuildFile; fileRef = 92EE41BC2412BB9700987DDE /* FavIcon.swift */; };
		92EE41C82412BB9700987DDE /* FavIcon.h in Headers */ = {isa = PBXBuildFile; fileRef = 92EE41BD2412BB9700987DDE /* FavIcon.h */; };
		92EE41C92412BB9700987DDE /* XML.swift in Sources */ = {isa = PBXBuildFile; fileRef = 92EE41BE2412BB9700987DDE /* XML.swift */; };
		92EE41CA2412BB9700987DDE /* Detection.swift in Sources */ = {isa = PBXBuildFile; fileRef = 92EE41BF2412BB9700987DDE /* Detection.swift */; };
		92EE41CB2412BB9700987DDE /* libxml2-favicon.h in Headers */ = {isa = PBXBuildFile; fileRef = 92EE41C02412BB9700987DDE /* libxml2-favicon.h */; };
		92F21CF22418ED8800F378D1 /* DraggingTouchItemDrawing.swift in Sources */ = {isa = PBXBuildFile; fileRef = 92F21CF12418ED8800F378D1 /* DraggingTouchItemDrawing.swift */; };
		92F21CF6241B9EF200F378D1 /* OuterScrollView.swift in Sources */ = {isa = PBXBuildFile; fileRef = 92F21CF5241B9EF200F378D1 /* OuterScrollView.swift */; };
		92F21CFA241BCACE00F378D1 /* Toast.swift in Sources */ = {isa = PBXBuildFile; fileRef = 92F21CF9241BCACE00F378D1 /* Toast.swift */; };
		D0F6E5F63C878267B6DD7C71 /* libPods-TouchletCore.a in Frameworks */ = {isa = PBXBuildFile; fileRef = 66C3777A2CA501A6338AD975 /* libPods-TouchletCore.a */; };
/* End PBXBuildFile section */

/* Begin PBXFileReference section */
		14C7B2298E1F6AD2CB49418D /* Pods-TouchletCore.debug.xcconfig */ = {isa = PBXFileReference; includeInIndex = 1; lastKnownFileType = text.xcconfig; name = "Pods-TouchletCore.debug.xcconfig"; path = "Target Support Files/Pods-TouchletCore/Pods-TouchletCore.debug.xcconfig"; sourceTree = "<group>"; };
		66C3777A2CA501A6338AD975 /* libPods-TouchletCore.a */ = {isa = PBXFileReference; explicitFileType = archive.ar; includeInIndex = 0; path = "libPods-TouchletCore.a"; sourceTree = BUILT_PRODUCTS_DIR; };
		920BA47B242237F700256CF1 /* CollectionViewTouchBarItem.swift */ = {isa = PBXFileReference; lastKnownFileType = sourcecode.swift; path = CollectionViewTouchBarItem.swift; sourceTree = "<group>"; };
		920BA47D2422492C00256CF1 /* EmptyTouchBarItemInfoView.swift */ = {isa = PBXFileReference; fileEncoding = 4; lastKnownFileType = sourcecode.swift; path = EmptyTouchBarItemInfoView.swift; sourceTree = "<group>"; };
		927C631D2430E28000B03CF2 /* ProjectBundleResolver.swift */ = {isa = PBXFileReference; fileEncoding = 4; lastKnownFileType = sourcecode.swift; path = ProjectBundleResolver.swift; sourceTree = "<group>"; };
		927C631E2430E28000B03CF2 /* ProjectBundleConstant.swift */ = {isa = PBXFileReference; fileEncoding = 4; lastKnownFileType = sourcecode.swift; path = ProjectBundleConstant.swift; sourceTree = "<group>"; };
		927C63372430E5F100B03CF2 /* DownloaderService.swift */ = {isa = PBXFileReference; fileEncoding = 4; lastKnownFileType = sourcecode.swift; path = DownloaderService.swift; sourceTree = "<group>"; };
		92ACEA572412A214009994EB /* TouchletCore.framework */ = {isa = PBXFileReference; explicitFileType = wrapper.framework; includeInIndex = 0; path = TouchletCore.framework; sourceTree = BUILT_PRODUCTS_DIR; };
		92ACEA5A2412A214009994EB /* TouchletCore.h */ = {isa = PBXFileReference; lastKnownFileType = sourcecode.c.h; path = TouchletCore.h; sourceTree = "<group>"; };
		92ACEA5B2412A214009994EB /* Info.plist */ = {isa = PBXFileReference; lastKnownFileType = text.plist.xml; path = Info.plist; sourceTree = "<group>"; };
		92ACEA622412A21E009994EB /* Theme.swift */ = {isa = PBXFileReference; fileEncoding = 4; lastKnownFileType = sourcecode.swift; path = Theme.swift; sourceTree = "<group>"; };
		92ACEA642412A21F009994EB /* Logger.swift */ = {isa = PBXFileReference; fileEncoding = 4; lastKnownFileType = sourcecode.swift; path = Logger.swift; sourceTree = "<group>"; };
		92ACEA652412A21F009994EB /* FileLoader.swift */ = {isa = PBXFileReference; fileEncoding = 4; lastKnownFileType = sourcecode.swift; path = FileLoader.swift; sourceTree = "<group>"; };
		92ACEA662412A21F009994EB /* Utility.swift */ = {isa = PBXFileReference; fileEncoding = 4; lastKnownFileType = sourcecode.swift; path = Utility.swift; sourceTree = "<group>"; };
		92ACEA682412A21F009994EB /* EditableTextField.swift */ = {isa = PBXFileReference; fileEncoding = 4; lastKnownFileType = sourcecode.swift; path = EditableTextField.swift; sourceTree = "<group>"; };
		92ACEA692412A21F009994EB /* NibLoadable.swift */ = {isa = PBXFileReference; fileEncoding = 4; lastKnownFileType = sourcecode.swift; path = NibLoadable.swift; sourceTree = "<group>"; };
		92ACEA6B2412A21F009994EB /* GlobalKeybindPreferences.swift */ = {isa = PBXFileReference; fileEncoding = 4; lastKnownFileType = sourcecode.swift; path = GlobalKeybindPreferences.swift; sourceTree = "<group>"; };
		92ACEA6C2412A21F009994EB /* GlobalKeybindPreferencesStore.swift */ = {isa = PBXFileReference; fileEncoding = 4; lastKnownFileType = sourcecode.swift; path = GlobalKeybindPreferencesStore.swift; sourceTree = "<group>"; };
		92ACEA6F2412A21F009994EB /* NSDataExtension.swift */ = {isa = PBXFileReference; fileEncoding = 4; lastKnownFileType = sourcecode.swift; path = NSDataExtension.swift; sourceTree = "<group>"; };
		92ACEA702412A21F009994EB /* NSViewControllerExtension.swift */ = {isa = PBXFileReference; fileEncoding = 4; lastKnownFileType = sourcecode.swift; path = NSViewControllerExtension.swift; sourceTree = "<group>"; };
		92ACEA712412A21F009994EB /* NSStringExtension.swift */ = {isa = PBXFileReference; fileEncoding = 4; lastKnownFileType = sourcecode.swift; path = NSStringExtension.swift; sourceTree = "<group>"; };
		92ACEA722412A21F009994EB /* NSViewExtension.swift */ = {isa = PBXFileReference; fileEncoding = 4; lastKnownFileType = sourcecode.swift; path = NSViewExtension.swift; sourceTree = "<group>"; };
		92ACEA732412A21F009994EB /* NSScrollViewExtension.swift */ = {isa = PBXFileReference; fileEncoding = 4; lastKnownFileType = sourcecode.swift; path = NSScrollViewExtension.swift; sourceTree = "<group>"; };
		92ACEA742412A21F009994EB /* NSCollectionViewItem.swift */ = {isa = PBXFileReference; fileEncoding = 4; lastKnownFileType = sourcecode.swift; path = NSCollectionViewItem.swift; sourceTree = "<group>"; };
		92ACEA752412A21F009994EB /* NSColorExtension.swift */ = {isa = PBXFileReference; fileEncoding = 4; lastKnownFileType = sourcecode.swift; path = NSColorExtension.swift; sourceTree = "<group>"; };
		92ACEA762412A21F009994EB /* NSWindowExtension.swift */ = {isa = PBXFileReference; fileEncoding = 4; lastKnownFileType = sourcecode.swift; path = NSWindowExtension.swift; sourceTree = "<group>"; };
		92ACEA772412A21F009994EB /* NSImageExtension.swift */ = {isa = PBXFileReference; fileEncoding = 4; lastKnownFileType = sourcecode.swift; path = NSImageExtension.swift; sourceTree = "<group>"; };
		92ACEA782412A21F009994EB /* NSCursorHelper.swift */ = {isa = PBXFileReference; fileEncoding = 4; lastKnownFileType = sourcecode.swift; path = NSCursorHelper.swift; sourceTree = "<group>"; };
		92ACEA7A2412A21F009994EB /* EditableTouchBarController.swift */ = {isa = PBXFileReference; fileEncoding = 4; lastKnownFileType = sourcecode.swift; path = EditableTouchBarController.swift; sourceTree = "<group>"; };
		92ACEA7B2412A21F009994EB /* CollectionItemDragObserver.swift */ = {isa = PBXFileReference; fileEncoding = 4; lastKnownFileType = sourcecode.swift; path = CollectionItemDragObserver.swift; sourceTree = "<group>"; };
		92ACEA7C2412A21F009994EB /* TouchBarCollectionViewItem.swift */ = {isa = PBXFileReference; fileEncoding = 4; lastKnownFileType = sourcecode.swift; path = TouchBarCollectionViewItem.swift; sourceTree = "<group>"; };
		92ACEA7D2412A21F009994EB /* ReadonlyTouchBarController.swift */ = {isa = PBXFileReference; fileEncoding = 4; lastKnownFileType = sourcecode.swift; path = ReadonlyTouchBarController.swift; sourceTree = "<group>"; };
		92ACEA7E2412A21F009994EB /* TouchBarItem.swift */ = {isa = PBXFileReference; fileEncoding = 4; lastKnownFileType = sourcecode.swift; path = TouchBarItem.swift; sourceTree = "<group>"; };
		92ACEA802412A21F009994EB /* TouchBarItemStore.swift */ = {isa = PBXFileReference; fileEncoding = 4; lastKnownFileType = sourcecode.swift; path = TouchBarItemStore.swift; sourceTree = "<group>"; };
		92ACEA812412A21F009994EB /* TouchBarItemFileStorage.swift */ = {isa = PBXFileReference; fileEncoding = 4; lastKnownFileType = sourcecode.swift; path = TouchBarItemFileStorage.swift; sourceTree = "<group>"; };
		92ACEA822412A21F009994EB /* TouchBarItemUserDefault.swift */ = {isa = PBXFileReference; fileEncoding = 4; lastKnownFileType = sourcecode.swift; path = TouchBarItemUserDefault.swift; sourceTree = "<group>"; };
		92ACEA852412A21F009994EB /* global.swift */ = {isa = PBXFileReference; fileEncoding = 4; lastKnownFileType = sourcecode.swift; path = global.swift; sourceTree = "<group>"; };
		92ACEA862412A21F009994EB /* FaviconProvider.swift */ = {isa = PBXFileReference; fileEncoding = 4; lastKnownFileType = sourcecode.swift; path = FaviconProvider.swift; sourceTree = "<group>"; };
		92ACEA8A2412A21F009994EB /* Cache.swift */ = {isa = PBXFileReference; fileEncoding = 4; lastKnownFileType = sourcecode.swift; path = Cache.swift; sourceTree = "<group>"; };
		92ACEA8D2412A220009994EB /* SpotlightItem.swift */ = {isa = PBXFileReference; fileEncoding = 4; lastKnownFileType = sourcecode.swift; path = SpotlightItem.swift; sourceTree = "<group>"; };
		92ACEA8E2412A220009994EB /* SpotlightWhitelist.json */ = {isa = PBXFileReference; fileEncoding = 4; lastKnownFileType = text.json; path = SpotlightWhitelist.json; sourceTree = "<group>"; };
		92ACEA8F2412A220009994EB /* SpotlightResult.swift */ = {isa = PBXFileReference; fileEncoding = 4; lastKnownFileType = sourcecode.swift; path = SpotlightResult.swift; sourceTree = "<group>"; };
		92ACEA902412A220009994EB /* SpotlightRepository.swift */ = {isa = PBXFileReference; fileEncoding = 4; lastKnownFileType = sourcecode.swift; path = SpotlightRepository.swift; sourceTree = "<group>"; };
		92C85C90242905F200002173 /* NetworkRequest.swift */ = {isa = PBXFileReference; lastKnownFileType = sourcecode.swift; path = NetworkRequest.swift; sourceTree = "<group>"; };
		92EE135324234D36001513A8 /* RoundedRectButton.swift */ = {isa = PBXFileReference; lastKnownFileType = sourcecode.swift; path = RoundedRectButton.swift; sourceTree = "<group>"; };
		92EE41B72412BB9700987DDE /* ContentTypes.swift */ = {isa = PBXFileReference; fileEncoding = 4; lastKnownFileType = sourcecode.swift; path = ContentTypes.swift; sourceTree = "<group>"; };
		92EE41B82412BB9700987DDE /* Icon.swift */ = {isa = PBXFileReference; fileEncoding = 4; lastKnownFileType = sourcecode.swift; path = Icon.swift; sourceTree = "<group>"; };
		92EE41B92412BB9700987DDE /* IconType.swift */ = {isa = PBXFileReference; fileEncoding = 4; lastKnownFileType = sourcecode.swift; path = IconType.swift; sourceTree = "<group>"; };
		92EE41BA2412BB9700987DDE /* Download.swift */ = {isa = PBXFileReference; fileEncoding = 4; lastKnownFileType = sourcecode.swift; path = Download.swift; sourceTree = "<group>"; };
		92EE41BB2412BB9700987DDE /* HTML.swift */ = {isa = PBXFileReference; fileEncoding = 4; lastKnownFileType = sourcecode.swift; path = HTML.swift; sourceTree = "<group>"; };
		92EE41BC2412BB9700987DDE /* FavIcon.swift */ = {isa = PBXFileReference; fileEncoding = 4; lastKnownFileType = sourcecode.swift; path = FavIcon.swift; sourceTree = "<group>"; };
		92EE41BD2412BB9700987DDE /* FavIcon.h */ = {isa = PBXFileReference; fileEncoding = 4; lastKnownFileType = sourcecode.c.h; path = FavIcon.h; sourceTree = "<group>"; };
		92EE41BE2412BB9700987DDE /* XML.swift */ = {isa = PBXFileReference; fileEncoding = 4; lastKnownFileType = sourcecode.swift; path = XML.swift; sourceTree = "<group>"; };
		92EE41BF2412BB9700987DDE /* Detection.swift */ = {isa = PBXFileReference; fileEncoding = 4; lastKnownFileType = sourcecode.swift; path = Detection.swift; sourceTree = "<group>"; };
		92EE41C02412BB9700987DDE /* libxml2-favicon.h */ = {isa = PBXFileReference; fileEncoding = 4; lastKnownFileType = sourcecode.c.h; path = "libxml2-favicon.h"; sourceTree = "<group>"; };
		92EE41C12412BB9700987DDE /* module.modulemap */ = {isa = PBXFileReference; fileEncoding = 4; lastKnownFileType = "sourcecode.module-map"; path = module.modulemap; sourceTree = "<group>"; };
		92F21CF12418ED8800F378D1 /* DraggingTouchItemDrawing.swift */ = {isa = PBXFileReference; lastKnownFileType = sourcecode.swift; path = DraggingTouchItemDrawing.swift; sourceTree = "<group>"; };
		92F21CF5241B9EF200F378D1 /* OuterScrollView.swift */ = {isa = PBXFileReference; lastKnownFileType = sourcecode.swift; path = OuterScrollView.swift; sourceTree = "<group>"; };
		92F21CF9241BCACE00F378D1 /* Toast.swift */ = {isa = PBXFileReference; lastKnownFileType = sourcecode.swift; path = Toast.swift; sourceTree = "<group>"; };
		A0F0571DFFFB602B37BB6402 /* Pods-TouchletCore.release.xcconfig */ = {isa = PBXFileReference; includeInIndex = 1; lastKnownFileType = text.xcconfig; name = "Pods-TouchletCore.release.xcconfig"; path = "Target Support Files/Pods-TouchletCore/Pods-TouchletCore.release.xcconfig"; sourceTree = "<group>"; };
/* End PBXFileReference section */

/* Begin PBXFrameworksBuildPhase section */
		92ACEA542412A214009994EB /* Frameworks */ = {
			isa = PBXFrameworksBuildPhase;
			buildActionMask = 2147483647;
			files = (
				D0F6E5F63C878267B6DD7C71 /* libPods-TouchletCore.a in Frameworks */,
			);
			runOnlyForDeploymentPostprocessing = 0;
		};
/* End PBXFrameworksBuildPhase section */

/* Begin PBXGroup section */
		927C631F2430E28000B03CF2 /* Project */ = {
			isa = PBXGroup;
			children = (
				92ACEA852412A21F009994EB /* global.swift */,
				927C631D2430E28000B03CF2 /* ProjectBundleResolver.swift */,
				927C631E2430E28000B03CF2 /* ProjectBundleConstant.swift */,
			);
			path = Project;
			sourceTree = "<group>";
		};
		92ACEA4D2412A214009994EB = {
			isa = PBXGroup;
			children = (
				92ACEA592412A214009994EB /* TouchletCore */,
				92ACEA582412A214009994EB /* Products */,
				E74B6F1846266C2AC6E074C3 /* Pods */,
				F2F3021D20F58A0DB0218AFE /* Frameworks */,
			);
			sourceTree = "<group>";
		};
		92ACEA582412A214009994EB /* Products */ = {
			isa = PBXGroup;
			children = (
				92ACEA572412A214009994EB /* TouchletCore.framework */,
			);
			name = Products;
			sourceTree = "<group>";
		};
		92ACEA592412A214009994EB /* TouchletCore */ = {
			isa = PBXGroup;
			children = (
				927C631F2430E28000B03CF2 /* Project */,
				92C85C8F242905DE00002173 /* Network */,
				92EE41B52412BB9700987DDE /* Modules */,
				92ACEA792412A21F009994EB /* Extension */,
				92ACEA872412A21F009994EB /* Favicon */,
				92ACEA6E2412A21F009994EB /* Keybind */,
				92ACEA912412A220009994EB /* Spotlight */,
				92ACEA8C2412A21F009994EB /* Storage */,
				92ACEA632412A21E009994EB /* Theme */,
				92ACEA842412A21F009994EB /* TouchBar */,
				92ACEA672412A21F009994EB /* Utilities */,
				92ACEA6A2412A21F009994EB /* View */,
				92ACEA5A2412A214009994EB /* TouchletCore.h */,
				92ACEA5B2412A214009994EB /* Info.plist */,
			);
			path = TouchletCore;
			sourceTree = "<group>";
		};
		92ACEA632412A21E009994EB /* Theme */ = {
			isa = PBXGroup;
			children = (
				92ACEA622412A21E009994EB /* Theme.swift */,
			);
			path = Theme;
			sourceTree = "<group>";
		};
		92ACEA672412A21F009994EB /* Utilities */ = {
			isa = PBXGroup;
			children = (
				92ACEA642412A21F009994EB /* Logger.swift */,
				92ACEA652412A21F009994EB /* FileLoader.swift */,
				92ACEA662412A21F009994EB /* Utility.swift */,
			);
			path = Utilities;
			sourceTree = "<group>";
		};
		92ACEA6A2412A21F009994EB /* View */ = {
			isa = PBXGroup;
			children = (
				92F21CF5241B9EF200F378D1 /* OuterScrollView.swift */,
				92ACEA682412A21F009994EB /* EditableTextField.swift */,
				92ACEA692412A21F009994EB /* NibLoadable.swift */,
				92F21CF9241BCACE00F378D1 /* Toast.swift */,
				92EE135324234D36001513A8 /* RoundedRectButton.swift */,
			);
			path = View;
			sourceTree = "<group>";
		};
		92ACEA6D2412A21F009994EB /* Store */ = {
			isa = PBXGroup;
			children = (
				92ACEA6C2412A21F009994EB /* GlobalKeybindPreferencesStore.swift */,
			);
			path = Store;
			sourceTree = "<group>";
		};
		92ACEA6E2412A21F009994EB /* Keybind */ = {
			isa = PBXGroup;
			children = (
				92ACEA6B2412A21F009994EB /* GlobalKeybindPreferences.swift */,
				92ACEA6D2412A21F009994EB /* Store */,
			);
			path = Keybind;
			sourceTree = "<group>";
		};
		92ACEA792412A21F009994EB /* Extension */ = {
			isa = PBXGroup;
			children = (
				92ACEA6F2412A21F009994EB /* NSDataExtension.swift */,
				92ACEA702412A21F009994EB /* NSViewControllerExtension.swift */,
				92ACEA712412A21F009994EB /* NSStringExtension.swift */,
				92ACEA722412A21F009994EB /* NSViewExtension.swift */,
				92ACEA732412A21F009994EB /* NSScrollViewExtension.swift */,
				92ACEA742412A21F009994EB /* NSCollectionViewItem.swift */,
				92ACEA752412A21F009994EB /* NSColorExtension.swift */,
				92ACEA762412A21F009994EB /* NSWindowExtension.swift */,
				92ACEA772412A21F009994EB /* NSImageExtension.swift */,
				92ACEA782412A21F009994EB /* NSCursorHelper.swift */,
			);
			path = Extension;
			sourceTree = "<group>";
		};
		92ACEA7F2412A21F009994EB /* Model */ = {
			isa = PBXGroup;
			children = (
				92ACEA7E2412A21F009994EB /* TouchBarItem.swift */,
			);
			path = Model;
			sourceTree = "<group>";
		};
		92ACEA832412A21F009994EB /* Store */ = {
			isa = PBXGroup;
			children = (
				92ACEA802412A21F009994EB /* TouchBarItemStore.swift */,
				92ACEA812412A21F009994EB /* TouchBarItemFileStorage.swift */,
				92ACEA822412A21F009994EB /* TouchBarItemUserDefault.swift */,
			);
			path = Store;
			sourceTree = "<group>";
		};
		92ACEA842412A21F009994EB /* TouchBar */ = {
			isa = PBXGroup;
			children = (
				92ACEA7A2412A21F009994EB /* EditableTouchBarController.swift */,
				92ACEA7B2412A21F009994EB /* CollectionItemDragObserver.swift */,
				92ACEA7C2412A21F009994EB /* TouchBarCollectionViewItem.swift */,
				92ACEA7D2412A21F009994EB /* ReadonlyTouchBarController.swift */,
				92ACEA7F2412A21F009994EB /* Model */,
				92ACEA832412A21F009994EB /* Store */,
				92F21CF12418ED8800F378D1 /* DraggingTouchItemDrawing.swift */,
				920BA47B242237F700256CF1 /* CollectionViewTouchBarItem.swift */,
				920BA47D2422492C00256CF1 /* EmptyTouchBarItemInfoView.swift */,
			);
			path = TouchBar;
			sourceTree = "<group>";
		};
		92ACEA872412A21F009994EB /* Favicon */ = {
			isa = PBXGroup;
			children = (
				92ACEA862412A21F009994EB /* FaviconProvider.swift */,
			);
			path = Favicon;
			sourceTree = "<group>";
		};
		92ACEA8B2412A21F009994EB /* PersistentCache */ = {
			isa = PBXGroup;
			children = (
				92ACEA8A2412A21F009994EB /* Cache.swift */,
			);
			path = PersistentCache;
			sourceTree = "<group>";
		};
		92ACEA8C2412A21F009994EB /* Storage */ = {
			isa = PBXGroup;
			children = (
				92ACEA8B2412A21F009994EB /* PersistentCache */,
			);
			path = Storage;
			sourceTree = "<group>";
		};
		92ACEA912412A220009994EB /* Spotlight */ = {
			isa = PBXGroup;
			children = (
				92ACEA8D2412A220009994EB /* SpotlightItem.swift */,
				92ACEA8E2412A220009994EB /* SpotlightWhitelist.json */,
				92ACEA8F2412A220009994EB /* SpotlightResult.swift */,
				92ACEA902412A220009994EB /* SpotlightRepository.swift */,
			);
			path = Spotlight;
			sourceTree = "<group>";
		};
		92C85C8F242905DE00002173 /* Network */ = {
			isa = PBXGroup;
			children = (
				927C63372430E5F100B03CF2 /* DownloaderService.swift */,
				92C85C90242905F200002173 /* NetworkRequest.swift */,
			);
			path = Network;
			sourceTree = "<group>";
		};
		92EE41B52412BB9700987DDE /* Modules */ = {
			isa = PBXGroup;
			children = (
				92EE41B62412BB9700987DDE /* FavIcon.swiftmodule */,
				92EE41C02412BB9700987DDE /* libxml2-favicon.h */,
				92EE41C12412BB9700987DDE /* module.modulemap */,
			);
			path = Modules;
			sourceTree = SOURCE_ROOT;
		};
		92EE41B62412BB9700987DDE /* FavIcon.swiftmodule */ = {
			isa = PBXGroup;
			children = (
				92EE41B72412BB9700987DDE /* ContentTypes.swift */,
				92EE41B82412BB9700987DDE /* Icon.swift */,
				92EE41B92412BB9700987DDE /* IconType.swift */,
				92EE41BA2412BB9700987DDE /* Download.swift */,
				92EE41BB2412BB9700987DDE /* HTML.swift */,
				92EE41BC2412BB9700987DDE /* FavIcon.swift */,
				92EE41BD2412BB9700987DDE /* FavIcon.h */,
				92EE41BE2412BB9700987DDE /* XML.swift */,
				92EE41BF2412BB9700987DDE /* Detection.swift */,
			);
			path = FavIcon.swiftmodule;
			sourceTree = "<group>";
		};
		E74B6F1846266C2AC6E074C3 /* Pods */ = {
			isa = PBXGroup;
			children = (
				14C7B2298E1F6AD2CB49418D /* Pods-TouchletCore.debug.xcconfig */,
				A0F0571DFFFB602B37BB6402 /* Pods-TouchletCore.release.xcconfig */,
			);
			name = Pods;
			path = ../Pods;
			sourceTree = "<group>";
		};
		F2F3021D20F58A0DB0218AFE /* Frameworks */ = {
			isa = PBXGroup;
			children = (
				66C3777A2CA501A6338AD975 /* libPods-TouchletCore.a */,
			);
			name = Frameworks;
			sourceTree = "<group>";
		};
/* End PBXGroup section */

/* Begin PBXHeadersBuildPhase section */
		92ACEA522412A214009994EB /* Headers */ = {
			isa = PBXHeadersBuildPhase;
			buildActionMask = 2147483647;
			files = (
				92ACEA5C2412A214009994EB /* TouchletCore.h in Headers */,
				92EE41C82412BB9700987DDE /* FavIcon.h in Headers */,
				92EE41CB2412BB9700987DDE /* libxml2-favicon.h in Headers */,
			);
			runOnlyForDeploymentPostprocessing = 0;
		};
/* End PBXHeadersBuildPhase section */

/* Begin PBXNativeTarget section */
		92ACEA562412A214009994EB /* TouchletCore */ = {
			isa = PBXNativeTarget;
			buildConfigurationList = 92ACEA5F2412A214009994EB /* Build configuration list for PBXNativeTarget "TouchletCore" */;
			buildPhases = (
				276580BAE5AE9DF8CF83C3C6 /* [CP] Check Pods Manifest.lock */,
				92ACEA522412A214009994EB /* Headers */,
				92ACEA532412A214009994EB /* Sources */,
				92ACEA542412A214009994EB /* Frameworks */,
				92ACEA552412A214009994EB /* Resources */,
			);
			buildRules = (
			);
			dependencies = (
			);
			name = TouchletCore;
			productName = TouchletCore;
			productReference = 92ACEA572412A214009994EB /* TouchletCore.framework */;
			productType = "com.apple.product-type.framework";
		};
/* End PBXNativeTarget section */

/* Begin PBXProject section */
		92ACEA4E2412A214009994EB /* Project object */ = {
			isa = PBXProject;
			attributes = {
				LastUpgradeCheck = 1130;
				ORGANIZATIONNAME = "Elias Igbalajobi";
				TargetAttributes = {
					92ACEA562412A214009994EB = {
						CreatedOnToolsVersion = 11.3;
					};
				};
			};
			buildConfigurationList = 92ACEA512412A214009994EB /* Build configuration list for PBXProject "TouchletCore" */;
			compatibilityVersion = "Xcode 9.3";
			developmentRegion = en;
			hasScannedForEncodings = 0;
			knownRegions = (
				en,
				Base,
			);
			mainGroup = 92ACEA4D2412A214009994EB;
			productRefGroup = 92ACEA582412A214009994EB /* Products */;
			projectDirPath = "";
			projectRoot = "";
			targets = (
				92ACEA562412A214009994EB /* TouchletCore */,
			);
		};
/* End PBXProject section */

/* Begin PBXResourcesBuildPhase section */
		92ACEA552412A214009994EB /* Resources */ = {
			isa = PBXResourcesBuildPhase;
			buildActionMask = 2147483647;
			files = (
				929448D5243B852D00DD02FF /* SpotlightWhitelist.json in Resources */,
			);
			runOnlyForDeploymentPostprocessing = 0;
		};
/* End PBXResourcesBuildPhase section */

/* Begin PBXShellScriptBuildPhase section */
		276580BAE5AE9DF8CF83C3C6 /* [CP] Check Pods Manifest.lock */ = {
			isa = PBXShellScriptBuildPhase;
			buildActionMask = 2147483647;
			files = (
			);
			inputFileListPaths = (
			);
			inputPaths = (
				"${PODS_PODFILE_DIR_PATH}/Podfile.lock",
				"${PODS_ROOT}/Manifest.lock",
			);
			name = "[CP] Check Pods Manifest.lock";
			outputFileListPaths = (
			);
			outputPaths = (
				"$(DERIVED_FILE_DIR)/Pods-TouchletCore-checkManifestLockResult.txt",
			);
			runOnlyForDeploymentPostprocessing = 0;
			shellPath = /bin/sh;
			shellScript = "diff \"${PODS_PODFILE_DIR_PATH}/Podfile.lock\" \"${PODS_ROOT}/Manifest.lock\" > /dev/null\nif [ $? != 0 ] ; then\n    # print error to STDERR\n    echo \"error: The sandbox is not in sync with the Podfile.lock. Run 'pod install' or update your CocoaPods installation.\" >&2\n    exit 1\nfi\n# This output is used by Xcode 'outputs' to avoid re-running this script phase.\necho \"SUCCESS\" > \"${SCRIPT_OUTPUT_FILE_0}\"\n";
			showEnvVarsInLog = 0;
		};
/* End PBXShellScriptBuildPhase section */

/* Begin PBXSourcesBuildPhase section */
		92ACEA532412A214009994EB /* Sources */ = {
			isa = PBXSourcesBuildPhase;
			buildActionMask = 2147483647;
			files = (
				92ACEAF42412A6A8009994EB /* ReadonlyTouchBarController.swift in Sources */,
				92ACEAFD2412A6BA009994EB /* NibLoadable.swift in Sources */,
				92ACEAF12412A6A8009994EB /* EditableTouchBarController.swift in Sources */,
				92ACEAE62412A678009994EB /* global.swift in Sources */,
				92ACEADA2412A670009994EB /* NSDataExtension.swift in Sources */,
				92EE41C22412BB9700987DDE /* ContentTypes.swift in Sources */,
				92ACEADB2412A670009994EB /* NSViewControllerExtension.swift in Sources */,
				920BA47E2422492D00256CF1 /* EmptyTouchBarItemInfoView.swift in Sources */,
				92F21CFA241BCACE00F378D1 /* Toast.swift in Sources */,
				92EE41CA2412BB9700987DDE /* Detection.swift in Sources */,
				92ACEAE12412A670009994EB /* NSWindowExtension.swift in Sources */,
				920BA47C242237F700256CF1 /* CollectionViewTouchBarItem.swift in Sources */,
				92ACEAEC2412A683009994EB /* SpotlightRepository.swift in Sources */,
				92ACEADE2412A670009994EB /* NSScrollViewExtension.swift in Sources */,
				92ACEAFC2412A6BA009994EB /* EditableTextField.swift in Sources */,
				92ACEAF02412A693009994EB /* Theme.swift in Sources */,
				92ACEAEF2412A68E009994EB /* Cache.swift in Sources */,
				92ACEAE92412A683009994EB /* SpotlightItem.swift in Sources */,
				92ACEAF32412A6A8009994EB /* TouchBarCollectionViewItem.swift in Sources */,
				927C63212430E29500B03CF2 /* ProjectBundleResolver.swift in Sources */,
				92ACEAE32412A670009994EB /* NSCursorHelper.swift in Sources */,
				92ACEAF82412A6B0009994EB /* TouchBarItemUserDefault.swift in Sources */,
				92C85C91242905F200002173 /* NetworkRequest.swift in Sources */,
				92EE41C42412BB9700987DDE /* IconType.swift in Sources */,
				92ACEAF22412A6A8009994EB /* CollectionItemDragObserver.swift in Sources */,
				927C63202430E29200B03CF2 /* ProjectBundleConstant.swift in Sources */,
				92ACEAE52412A678009994EB /* FaviconProvider.swift in Sources */,
				92ACEAF72412A6B0009994EB /* TouchBarItemFileStorage.swift in Sources */,
				92ACEADF2412A670009994EB /* NSCollectionViewItem.swift in Sources */,
				92ACEAE72412A67E009994EB /* GlobalKeybindPreferences.swift in Sources */,
				92EE41C92412BB9700987DDE /* XML.swift in Sources */,
				92ACEADD2412A670009994EB /* NSViewExtension.swift in Sources */,
				927C63382430E5F200B03CF2 /* DownloaderService.swift in Sources */,
				92ACEAFA2412A6B6009994EB /* FileLoader.swift in Sources */,
				92ACEAE82412A67E009994EB /* GlobalKeybindPreferencesStore.swift in Sources */,
				92ACEAE02412A670009994EB /* NSColorExtension.swift in Sources */,
				92EE135424234D36001513A8 /* RoundedRectButton.swift in Sources */,
				92ACEAF52412A6AC009994EB /* TouchBarItem.swift in Sources */,
				92ACEAF92412A6B6009994EB /* Logger.swift in Sources */,
				92EE41C52412BB9700987DDE /* Download.swift in Sources */,
				92EE41C32412BB9700987DDE /* Icon.swift in Sources */,
				92ACEAEB2412A683009994EB /* SpotlightResult.swift in Sources */,
				92F21CF22418ED8800F378D1 /* DraggingTouchItemDrawing.swift in Sources */,
				92F21CF6241B9EF200F378D1 /* OuterScrollView.swift in Sources */,
				92ACEAFB2412A6B6009994EB /* Utility.swift in Sources */,
				92ACEAF62412A6B0009994EB /* TouchBarItemStore.swift in Sources */,
				92EE41C62412BB9700987DDE /* HTML.swift in Sources */,
				92ACEAE22412A670009994EB /* NSImageExtension.swift in Sources */,
				92EE41C72412BB9700987DDE /* FavIcon.swift in Sources */,
				92ACEADC2412A670009994EB /* NSStringExtension.swift in Sources */,
			);
			runOnlyForDeploymentPostprocessing = 0;
		};
/* End PBXSourcesBuildPhase section */

/* Begin XCBuildConfiguration section */
		92ACEA5D2412A214009994EB /* Debug */ = {
			isa = XCBuildConfiguration;
			buildSettings = {
				ALWAYS_SEARCH_USER_PATHS = NO;
				APPLY_RULES_IN_COPY_HEADERS = YES;
				CLANG_ANALYZER_NONNULL = YES;
				CLANG_ANALYZER_NUMBER_OBJECT_CONVERSION = YES_AGGRESSIVE;
				CLANG_CXX_LANGUAGE_STANDARD = "gnu++14";
				CLANG_CXX_LIBRARY = "libc++";
				CLANG_ENABLE_MODULES = YES;
				CLANG_ENABLE_OBJC_ARC = YES;
				CLANG_ENABLE_OBJC_WEAK = YES;
				CLANG_WARN_BLOCK_CAPTURE_AUTORELEASING = YES;
				CLANG_WARN_BOOL_CONVERSION = YES;
				CLANG_WARN_COMMA = YES;
				CLANG_WARN_CONSTANT_CONVERSION = YES;
				CLANG_WARN_DEPRECATED_OBJC_IMPLEMENTATIONS = YES;
				CLANG_WARN_DIRECT_OBJC_ISA_USAGE = YES_ERROR;
				CLANG_WARN_DOCUMENTATION_COMMENTS = YES;
				CLANG_WARN_EMPTY_BODY = YES;
				CLANG_WARN_ENUM_CONVERSION = YES;
				CLANG_WARN_INFINITE_RECURSION = YES;
				CLANG_WARN_INT_CONVERSION = YES;
				CLANG_WARN_NON_LITERAL_NULL_CONVERSION = YES;
				CLANG_WARN_OBJC_IMPLICIT_RETAIN_SELF = YES;
				CLANG_WARN_OBJC_LITERAL_CONVERSION = YES;
				CLANG_WARN_OBJC_ROOT_CLASS = YES_ERROR;
				CLANG_WARN_RANGE_LOOP_ANALYSIS = YES;
				CLANG_WARN_STRICT_PROTOTYPES = YES;
				CLANG_WARN_SUSPICIOUS_MOVE = YES;
				CLANG_WARN_UNGUARDED_AVAILABILITY = YES_AGGRESSIVE;
				CLANG_WARN_UNREACHABLE_CODE = YES;
				CLANG_WARN__DUPLICATE_METHOD_MATCH = YES;
				COPY_PHASE_STRIP = NO;
				CURRENT_PROJECT_VERSION = 1;
				DEBUG_INFORMATION_FORMAT = dwarf;
				DEFINES_MODULE = NO;
				ENABLE_STRICT_OBJC_MSGSEND = YES;
				ENABLE_TESTABILITY = YES;
				GCC_C_LANGUAGE_STANDARD = gnu11;
				GCC_DYNAMIC_NO_PIC = NO;
				GCC_NO_COMMON_BLOCKS = YES;
				GCC_OPTIMIZATION_LEVEL = 0;
				GCC_PREPROCESSOR_DEFINITIONS = (
					"DEBUG=1",
					"$(inherited)",
				);
				GCC_WARN_64_TO_32_BIT_CONVERSION = YES;
				GCC_WARN_ABOUT_RETURN_TYPE = YES_ERROR;
				GCC_WARN_UNDECLARED_SELECTOR = YES;
				GCC_WARN_UNINITIALIZED_AUTOS = YES_AGGRESSIVE;
				GCC_WARN_UNUSED_FUNCTION = YES;
				GCC_WARN_UNUSED_VARIABLE = YES;
				HEADER_SEARCH_PATHS = (
					"$SDKROOT/usr/include/libxml2/**",
					"Modules/**",
				);
				MACOSX_DEPLOYMENT_TARGET = 10.13;
				MODULEMAP_FILE = "";
				MTL_ENABLE_DEBUG_INFO = INCLUDE_SOURCE;
				MTL_FAST_MATH = YES;
				ONLY_ACTIVE_ARCH = YES;
				SDKROOT = macosx;
				SWIFT_ACTIVE_COMPILATION_CONDITIONS = DEBUG;
				SWIFT_OPTIMIZATION_LEVEL = "-Onone";
				VERSIONING_SYSTEM = "apple-generic";
				VERSION_INFO_PREFIX = "";
			};
			name = Debug;
		};
		92ACEA5E2412A214009994EB /* Release */ = {
			isa = XCBuildConfiguration;
			buildSettings = {
				ALWAYS_SEARCH_USER_PATHS = NO;
				APPLY_RULES_IN_COPY_HEADERS = YES;
				CLANG_ANALYZER_NONNULL = YES;
				CLANG_ANALYZER_NUMBER_OBJECT_CONVERSION = YES_AGGRESSIVE;
				CLANG_CXX_LANGUAGE_STANDARD = "gnu++14";
				CLANG_CXX_LIBRARY = "libc++";
				CLANG_ENABLE_MODULES = YES;
				CLANG_ENABLE_OBJC_ARC = YES;
				CLANG_ENABLE_OBJC_WEAK = YES;
				CLANG_WARN_BLOCK_CAPTURE_AUTORELEASING = YES;
				CLANG_WARN_BOOL_CONVERSION = YES;
				CLANG_WARN_COMMA = YES;
				CLANG_WARN_CONSTANT_CONVERSION = YES;
				CLANG_WARN_DEPRECATED_OBJC_IMPLEMENTATIONS = YES;
				CLANG_WARN_DIRECT_OBJC_ISA_USAGE = YES_ERROR;
				CLANG_WARN_DOCUMENTATION_COMMENTS = YES;
				CLANG_WARN_EMPTY_BODY = YES;
				CLANG_WARN_ENUM_CONVERSION = YES;
				CLANG_WARN_INFINITE_RECURSION = YES;
				CLANG_WARN_INT_CONVERSION = YES;
				CLANG_WARN_NON_LITERAL_NULL_CONVERSION = YES;
				CLANG_WARN_OBJC_IMPLICIT_RETAIN_SELF = YES;
				CLANG_WARN_OBJC_LITERAL_CONVERSION = YES;
				CLANG_WARN_OBJC_ROOT_CLASS = YES_ERROR;
				CLANG_WARN_RANGE_LOOP_ANALYSIS = YES;
				CLANG_WARN_STRICT_PROTOTYPES = YES;
				CLANG_WARN_SUSPICIOUS_MOVE = YES;
				CLANG_WARN_UNGUARDED_AVAILABILITY = YES_AGGRESSIVE;
				CLANG_WARN_UNREACHABLE_CODE = YES;
				CLANG_WARN__DUPLICATE_METHOD_MATCH = YES;
				COPY_PHASE_STRIP = NO;
				CURRENT_PROJECT_VERSION = 1;
				DEBUG_INFORMATION_FORMAT = "dwarf-with-dsym";
				DEFINES_MODULE = NO;
				ENABLE_NS_ASSERTIONS = NO;
				ENABLE_STRICT_OBJC_MSGSEND = YES;
				GCC_C_LANGUAGE_STANDARD = gnu11;
				GCC_NO_COMMON_BLOCKS = YES;
				GCC_WARN_64_TO_32_BIT_CONVERSION = YES;
				GCC_WARN_ABOUT_RETURN_TYPE = YES_ERROR;
				GCC_WARN_UNDECLARED_SELECTOR = YES;
				GCC_WARN_UNINITIALIZED_AUTOS = YES_AGGRESSIVE;
				GCC_WARN_UNUSED_FUNCTION = YES;
				GCC_WARN_UNUSED_VARIABLE = YES;
				HEADER_SEARCH_PATHS = (
					"$SDKROOT/usr/include/libxml2/**",
					"Modules/**",
				);
				MACOSX_DEPLOYMENT_TARGET = 10.13;
				MODULEMAP_FILE = "";
				MTL_ENABLE_DEBUG_INFO = NO;
				MTL_FAST_MATH = YES;
				SDKROOT = macosx;
				SWIFT_COMPILATION_MODE = wholemodule;
				SWIFT_OPTIMIZATION_LEVEL = "-O";
				VERSIONING_SYSTEM = "apple-generic";
				VERSION_INFO_PREFIX = "";
			};
			name = Release;
		};
		92ACEA602412A214009994EB /* Debug */ = {
			isa = XCBuildConfiguration;
			baseConfigurationReference = 14C7B2298E1F6AD2CB49418D /* Pods-TouchletCore.debug.xcconfig */;
			buildSettings = {
				APPLY_RULES_IN_COPY_HEADERS = NO;
				CODE_SIGN_STYLE = Automatic;
				COMBINE_HIDPI_IMAGES = YES;
				DEFINES_MODULE = YES;
				DEVELOPMENT_TEAM = ZWXH8BD23X;
				DYLIB_COMPATIBILITY_VERSION = 1;
				DYLIB_CURRENT_VERSION = 1;
				DYLIB_INSTALL_NAME_BASE = "@rpath";
				HEADER_SEARCH_PATHS = (
					"$SDKROOT/usr/include/libxml2/**",
					"\"$(PROJECT_DIR)\"/**",
				);
				INFOPLIST_FILE = TouchletCore/Info.plist;
				INSTALL_PATH = "$(LOCAL_LIBRARY_DIR)/Frameworks";
				LD_RUNPATH_SEARCH_PATHS = (
					"$(inherited)",
					"@executable_path/../Frameworks",
					"@loader_path/Frameworks",
				);
				MACOSX_DEPLOYMENT_TARGET = 10.13;
				PRODUCT_BUNDLE_IDENTIFIER = com.heeleeaz.touchlet.TouchletCore;
				PRODUCT_NAME = "$(TARGET_NAME:c99extidentifier)";
				SKIP_INSTALL = YES;
				SWIFT_INCLUDE_PATHS = "$(inherited) Modules/**";
				SWIFT_VERSION = 5.0;
			};
			name = Debug;
		};
		92ACEA612412A214009994EB /* Release */ = {
			isa = XCBuildConfiguration;
			baseConfigurationReference = A0F0571DFFFB602B37BB6402 /* Pods-TouchletCore.release.xcconfig */;
			buildSettings = {
				APPLY_RULES_IN_COPY_HEADERS = NO;
				CODE_SIGN_STYLE = Automatic;
				COMBINE_HIDPI_IMAGES = YES;
				DEFINES_MODULE = YES;
				DEVELOPMENT_TEAM = ZWXH8BD23X;
				DYLIB_COMPATIBILITY_VERSION = 1;
				DYLIB_CURRENT_VERSION = 1;
				DYLIB_INSTALL_NAME_BASE = "@rpath";
				HEADER_SEARCH_PATHS = (
					"$SDKROOT/usr/include/libxml2/**",
					"\"$(PROJECT_DIR)\"/**",
				);
				INFOPLIST_FILE = TouchletCore/Info.plist;
				INSTALL_PATH = "$(LOCAL_LIBRARY_DIR)/Frameworks";
				LD_RUNPATH_SEARCH_PATHS = (
					"$(inherited)",
					"@executable_path/../Frameworks",
					"@loader_path/Frameworks",
				);
				MACOSX_DEPLOYMENT_TARGET = 10.13;
				PRODUCT_BUNDLE_IDENTIFIER = com.heeleeaz.touchlet.TouchletCore;
				PRODUCT_NAME = "$(TARGET_NAME:c99extidentifier)";
				SKIP_INSTALL = YES;
				SWIFT_INCLUDE_PATHS = "$(inherited) Modules/**";
				SWIFT_VERSION = 5.0;
			};
			name = Release;
		};
/* End XCBuildConfiguration section */

/* Begin XCConfigurationList section */
		92ACEA512412A214009994EB /* Build configuration list for PBXProject "TouchletCore" */ = {
			isa = XCConfigurationList;
			buildConfigurations = (
				92ACEA5D2412A214009994EB /* Debug */,
				92ACEA5E2412A214009994EB /* Release */,
			);
			defaultConfigurationIsVisible = 0;
			defaultConfigurationName = Release;
		};
		92ACEA5F2412A214009994EB /* Build configuration list for PBXNativeTarget "TouchletCore" */ = {
			isa = XCConfigurationList;
			buildConfigurations = (
				92ACEA602412A214009994EB /* Debug */,
				92ACEA612412A214009994EB /* Release */,
			);
			defaultConfigurationIsVisible = 0;
			defaultConfigurationName = Release;
		};
/* End XCConfigurationList section */
	};
	rootObject = 92ACEA4E2412A214009994EB /* Project object */;
}
