// !$*UTF8*$!
{
	archiveVersion = 1;
	classes = {
	};
	objectVersion = 51;
	objects = {

/* Begin PBXBuildFile section */
		83751E29B9CEA1BBE3E0B628 /* Pods_Touchlet.framework in Frameworks */ = {isa = PBXBuildFile; fileRef = AAB4BCE4A7A57B19483220DC /* Pods_Touchlet.framework */; };
		92015D0324050B5F0003A773 /* Preferences.storyboard in Resources */ = {isa = PBXBuildFile; fileRef = 92015D0224050B5F0003A773 /* Preferences.storyboard */; };
		92015D05240515000003A773 /* MainWindow.swift in Sources */ = {isa = PBXBuildFile; fileRef = 92015D04240515000003A773 /* MainWindow.swift */; };
		92015D072405307B0003A773 /* NSWindowExtension.swift in Sources */ = {isa = PBXBuildFile; fileRef = 92015D062405307B0003A773 /* NSWindowExtension.swift */; };
		92015D0B2406B1310003A773 /* PreferencesWindow.swift in Sources */ = {isa = PBXBuildFile; fileRef = 92015D0A2406B1310003A773 /* PreferencesWindow.swift */; };
		92084DA323D7521A00661E60 /* Utility.swift in Sources */ = {isa = PBXBuildFile; fileRef = 92084DA223D7521A00661E60 /* Utility.swift */; };
		921046B223F2BB110069D8EC /* TouchBarUtil.swift in Sources */ = {isa = PBXBuildFile; fileRef = 921046B123F2BB110069D8EC /* TouchBarUtil.swift */; };
		92113E8E240428A500721341 /* GlobalKeybindPreferencesStore.swift in Sources */ = {isa = PBXBuildFile; fileRef = 92113E8D240428A500721341 /* GlobalKeybindPreferencesStore.swift */; };
		9212AE6023D60373003482FB /* TouchItemPlacementController.swift in Sources */ = {isa = PBXBuildFile; fileRef = 9212AE5F23D60373003482FB /* TouchItemPlacementController.swift */; };
		9212AE6623D606AC003482FB /* TouchBarItemStore.swift in Sources */ = {isa = PBXBuildFile; fileRef = 9212AE6523D606AC003482FB /* TouchBarItemStore.swift */; };
		9212AE6823D60763003482FB /* TouchBarItem.swift in Sources */ = {isa = PBXBuildFile; fileRef = 9212AE6723D60763003482FB /* TouchBarItem.swift */; };
		9212AE6A23D61579003482FB /* TouchBarItemUserDefault.swift in Sources */ = {isa = PBXBuildFile; fileRef = 9212AE6323D605A7003482FB /* TouchBarItemUserDefault.swift */; };
		921329F42406EB2000D9FE9E /* AddLinkViewController.xib in Resources */ = {isa = PBXBuildFile; fileRef = 921329F32406EB2000D9FE9E /* AddLinkViewController.xib */; };
		921329F62407154200D9FE9E /* EditableTextField.swift in Sources */ = {isa = PBXBuildFile; fileRef = 921329F52407154200D9FE9E /* EditableTextField.swift */; };
		9239C71E23CB927C00990745 /* NSScrollViewExtension.swift in Sources */ = {isa = PBXBuildFile; fileRef = 9239C71D23CB927C00990745 /* NSScrollViewExtension.swift */; };
		923B986123C5CF8D00BC48A7 /* AppCollectionViewItem.swift in Sources */ = {isa = PBXBuildFile; fileRef = 923B985F23C5CF8D00BC48A7 /* AppCollectionViewItem.swift */; };
		923B986223C5CF8D00BC48A7 /* AppCollectionViewItem.xib in Resources */ = {isa = PBXBuildFile; fileRef = 923B986023C5CF8D00BC48A7 /* AppCollectionViewItem.xib */; };
		923B986E23C600C000BC48A7 /* HomeItemViewController.swift in Sources */ = {isa = PBXBuildFile; fileRef = 923B986C23C600C000BC48A7 /* HomeItemViewController.swift */; };
		923B987323C6107000BC48A7 /* NSViewControllerExtension.swift in Sources */ = {isa = PBXBuildFile; fileRef = 923B987223C6107000BC48A7 /* NSViewControllerExtension.swift */; };
		9246321D23CB2F6600042EFE /* AppItemViewController.swift in Sources */ = {isa = PBXBuildFile; fileRef = 9246321C23CB2F6600042EFE /* AppItemViewController.swift */; };
		9246322023CB32C200042EFE /* HomeItemViewController.storyboard in Resources */ = {isa = PBXBuildFile; fileRef = 9246321F23CB32C200042EFE /* HomeItemViewController.storyboard */; };
		9246322223CB399100042EFE /* NSCollectionViewItem.swift in Sources */ = {isa = PBXBuildFile; fileRef = 9246322123CB399100042EFE /* NSCollectionViewItem.swift */; };
		9253BFEA23DA04E9004721BC /* PointerLocationObserver.swift in Sources */ = {isa = PBXBuildFile; fileRef = 9253BFE923DA04E9004721BC /* PointerLocationObserver.swift */; };
		925A240723C65EEE002BB85F /* SpotlightRepository.swift in Sources */ = {isa = PBXBuildFile; fileRef = 925A240623C65EEE002BB85F /* SpotlightRepository.swift */; };
		925A241023C68779002BB85F /* SpotlightResult.swift in Sources */ = {isa = PBXBuildFile; fileRef = 925A240F23C68779002BB85F /* SpotlightResult.swift */; };
		925A241223C69487002BB85F /* SpotlightItem.swift in Sources */ = {isa = PBXBuildFile; fileRef = 925A241123C69487002BB85F /* SpotlightItem.swift */; };
		925A241523C7378B002BB85F /* BookmarkRepository.swift in Sources */ = {isa = PBXBuildFile; fileRef = 925A241423C7378B002BB85F /* BookmarkRepository.swift */; };
		925A245023C87F49002BB85F /* PersistentContainer.swift in Sources */ = {isa = PBXBuildFile; fileRef = 925A244F23C87F49002BB85F /* PersistentContainer.swift */; };
		925A245423C8B2CA002BB85F /* DataController.swift in Sources */ = {isa = PBXBuildFile; fileRef = 925A245323C8B2CA002BB85F /* DataController.swift */; };
		925A245723C8D811002BB85F /* BookmarkStore.swift in Sources */ = {isa = PBXBuildFile; fileRef = 925A245623C8D811002BB85F /* BookmarkStore.swift */; };
		925A245923C8D88C002BB85F /* BookmarkUserDefaults.swift in Sources */ = {isa = PBXBuildFile; fileRef = 925A245823C8D88C002BB85F /* BookmarkUserDefaults.swift */; };
		925A245B23C8D8B9002BB85F /* Global.swift in Sources */ = {isa = PBXBuildFile; fileRef = 925A245A23C8D8B9002BB85F /* Global.swift */; };
		925A245E23C8DB80002BB85F /* Link.swift in Sources */ = {isa = PBXBuildFile; fileRef = 925A245D23C8DB80002BB85F /* Link.swift */; };
		925A246023C8DBFD002BB85F /* NSStringExtension.swift in Sources */ = {isa = PBXBuildFile; fileRef = 925A245F23C8DBFD002BB85F /* NSStringExtension.swift */; };
		925F8C112406C0E3008CC1DE /* KeybindTagView.swift in Sources */ = {isa = PBXBuildFile; fileRef = 925F8C102406C0E3008CC1DE /* KeybindTagView.swift */; };
		926723EE23F2D1F6002D9BAE /* NSCursorHelper.swift in Sources */ = {isa = PBXBuildFile; fileRef = 926723ED23F2D1F6002D9BAE /* NSCursorHelper.swift */; };
		926723F023F3E819002D9BAE /* TouchBarItemButton.swift in Sources */ = {isa = PBXBuildFile; fileRef = 926723EF23F3E819002D9BAE /* TouchBarItemButton.swift */; };
		9283108023CA773200B115D1 /* LinkCollectionViewItem.swift in Sources */ = {isa = PBXBuildFile; fileRef = 9283107E23CA773200B115D1 /* LinkCollectionViewItem.swift */; };
		9283108123CA773200B115D1 /* LinkCollectionViewItem.xib in Resources */ = {isa = PBXBuildFile; fileRef = 9283107F23CA773200B115D1 /* LinkCollectionViewItem.xib */; };
		9283108423CA78D700B115D1 /* BookmarkViewController.swift in Sources */ = {isa = PBXBuildFile; fileRef = 9283108323CA78D700B115D1 /* BookmarkViewController.swift */; };
		92861C932406DD34001B8EFD /* AddLinkViewController.swift in Sources */ = {isa = PBXBuildFile; fileRef = 92861C922406DD34001B8EFD /* AddLinkViewController.swift */; };
		92A0C8CA2409173F000C5011 /* HomeSupportCollectionViewController.swift in Sources */ = {isa = PBXBuildFile; fileRef = 92A0C8C92409173F000C5011 /* HomeSupportCollectionViewController.swift */; };
		92A1B2F623C4AA2100D7BEF1 /* AppDelegate.swift in Sources */ = {isa = PBXBuildFile; fileRef = 92A1B2F523C4AA2100D7BEF1 /* AppDelegate.swift */; };
		92A1B2F823C4AA2100D7BEF1 /* MainViewController.swift in Sources */ = {isa = PBXBuildFile; fileRef = 92A1B2F723C4AA2100D7BEF1 /* MainViewController.swift */; };
		92A1B2FB23C4AA2100D7BEF1 /* Touchlet.xcdatamodeld in Sources */ = {isa = PBXBuildFile; fileRef = 92A1B2F923C4AA2100D7BEF1 /* Touchlet.xcdatamodeld */; };
		92A1B2FD23C4AA2200D7BEF1 /* Assets.xcassets in Resources */ = {isa = PBXBuildFile; fileRef = 92A1B2FC23C4AA2200D7BEF1 /* Assets.xcassets */; };
		92A1B30023C4AA2200D7BEF1 /* Main.storyboard in Resources */ = {isa = PBXBuildFile; fileRef = 92A1B2FE23C4AA2200D7BEF1 /* Main.storyboard */; };
		92A1B30C23C4AA2200D7BEF1 /* TouchletTests.swift in Sources */ = {isa = PBXBuildFile; fileRef = 92A1B30B23C4AA2200D7BEF1 /* TouchletTests.swift */; };
		92A1B31723C4AA2200D7BEF1 /* TouchletUITests.swift in Sources */ = {isa = PBXBuildFile; fileRef = 92A1B31623C4AA2200D7BEF1 /* TouchletUITests.swift */; };
		92A1B33023C4C0A000D7BEF1 /* NSColorExtension.swift in Sources */ = {isa = PBXBuildFile; fileRef = 92A1B32D23C4C0A000D7BEF1 /* NSColorExtension.swift */; };
		92A1B33123C4C0A000D7BEF1 /* NSViewExtension.swift in Sources */ = {isa = PBXBuildFile; fileRef = 92A1B32E23C4C0A000D7BEF1 /* NSViewExtension.swift */; };
		92A1B33223C4C0A000D7BEF1 /* NibLoadable.swift in Sources */ = {isa = PBXBuildFile; fileRef = 92A1B32F23C4C0A000D7BEF1 /* NibLoadable.swift */; };
		92A1B33523C4D8A200D7BEF1 /* MainWindowController.swift in Sources */ = {isa = PBXBuildFile; fileRef = 92A1B33423C4D8A200D7BEF1 /* MainWindowController.swift */; };
		92A1B33A23C4DC0D00D7BEF1 /* Logger.swift in Sources */ = {isa = PBXBuildFile; fileRef = 92A1B33923C4DC0D00D7BEF1 /* Logger.swift */; };
		92A1B33C23C4DC2400D7BEF1 /* FileLoader.swift in Sources */ = {isa = PBXBuildFile; fileRef = 92A1B33B23C4DC2400D7BEF1 /* FileLoader.swift */; };
		92D656BD2407DFFF003882DD /* ContentTypes.swift in Sources */ = {isa = PBXBuildFile; fileRef = 92D656AF2407DFFF003882DD /* ContentTypes.swift */; };
		92D656BE2407DFFF003882DD /* Icon.swift in Sources */ = {isa = PBXBuildFile; fileRef = 92D656B02407DFFF003882DD /* Icon.swift */; };
		92D656BF2407DFFF003882DD /* IconType.swift in Sources */ = {isa = PBXBuildFile; fileRef = 92D656B12407DFFF003882DD /* IconType.swift */; };
		92D656C02407DFFF003882DD /* Download.swift in Sources */ = {isa = PBXBuildFile; fileRef = 92D656B22407DFFF003882DD /* Download.swift */; };
		92D656C12407DFFF003882DD /* HTML.swift in Sources */ = {isa = PBXBuildFile; fileRef = 92D656B32407DFFF003882DD /* HTML.swift */; };
		92D656C22407DFFF003882DD /* FavIcon.swift in Sources */ = {isa = PBXBuildFile; fileRef = 92D656B42407DFFF003882DD /* FavIcon.swift */; };
		92D656C32407DFFF003882DD /* XML.swift in Sources */ = {isa = PBXBuildFile; fileRef = 92D656B62407DFFF003882DD /* XML.swift */; };
		92D656C42407DFFF003882DD /* Detection.swift in Sources */ = {isa = PBXBuildFile; fileRef = 92D656B72407DFFF003882DD /* Detection.swift */; };
		92E16C742403CE4000511EE1 /* GlobalKeybindPreferences.swift in Sources */ = {isa = PBXBuildFile; fileRef = 92E16C732403CE4000511EE1 /* GlobalKeybindPreferences.swift */; };
		92E16C762403D60E00511EE1 /* PreferencesViewController.swift in Sources */ = {isa = PBXBuildFile; fileRef = 92E16C752403D60E00511EE1 /* PreferencesViewController.swift */; };
		92FE9B0F23CF56AC00FA6AC6 /* OuterScrollView.swift in Sources */ = {isa = PBXBuildFile; fileRef = 92FE9B0E23CF56AC00FA6AC6 /* OuterScrollView.swift */; };
		92FE9B1123CF5AC400FA6AC6 /* Cache.swift in Sources */ = {isa = PBXBuildFile; fileRef = 92FE9B1023CF5AC400FA6AC6 /* Cache.swift */; };
		92FE9B1423CF794900FA6AC6 /* NSDataExtension.swift in Sources */ = {isa = PBXBuildFile; fileRef = 92FE9B1323CF794900FA6AC6 /* NSDataExtension.swift */; };
		92FE9B1623CF79E900FA6AC6 /* NSImageExtension.swift in Sources */ = {isa = PBXBuildFile; fileRef = 92FE9B1523CF79E900FA6AC6 /* NSImageExtension.swift */; };
		92FE9B1823CFB4AD00FA6AC6 /* FaviconProvider.swift in Sources */ = {isa = PBXBuildFile; fileRef = 92FE9B1723CFB4AD00FA6AC6 /* FaviconProvider.swift */; };
		92FE9B2023CFDAF600FA6AC6 /* SpotlightWhitelist.json in Resources */ = {isa = PBXBuildFile; fileRef = 92FE9B1F23CFDAF600FA6AC6 /* SpotlightWhitelist.json */; };
		92FE9B2223D0718100FA6AC6 /* HomeCollectionItemsUtil.swift in Sources */ = {isa = PBXBuildFile; fileRef = 92FE9B2123D0718100FA6AC6 /* HomeCollectionItemsUtil.swift */; };
		92FE9B2523D0ACBC00FA6AC6 /* ButtonCollectionViewItem.swift in Sources */ = {isa = PBXBuildFile; fileRef = 92FE9B2323D0ACBC00FA6AC6 /* ButtonCollectionViewItem.swift */; };
		92FE9B2623D0ACBC00FA6AC6 /* ButtonCollectionViewItem.xib in Resources */ = {isa = PBXBuildFile; fileRef = 92FE9B2423D0ACBC00FA6AC6 /* ButtonCollectionViewItem.xib */; };
/* End PBXBuildFile section */

/* Begin PBXContainerItemProxy section */
		92A1B30823C4AA2200D7BEF1 /* PBXContainerItemProxy */ = {
			isa = PBXContainerItemProxy;
			containerPortal = 92A1B2EA23C4AA2100D7BEF1 /* Project object */;
			proxyType = 1;
			remoteGlobalIDString = 92A1B2F123C4AA2100D7BEF1;
			remoteInfo = Touchlet;
		};
		92A1B31323C4AA2200D7BEF1 /* PBXContainerItemProxy */ = {
			isa = PBXContainerItemProxy;
			containerPortal = 92A1B2EA23C4AA2100D7BEF1 /* Project object */;
			proxyType = 1;
			remoteGlobalIDString = 92A1B2F123C4AA2100D7BEF1;
			remoteInfo = Touchlet;
		};
/* End PBXContainerItemProxy section */

/* Begin PBXFileReference section */
		25E1A65C9426C5503D4B6DB7 /* Pods-Touchlet.release.xcconfig */ = {isa = PBXFileReference; includeInIndex = 1; lastKnownFileType = text.xcconfig; name = "Pods-Touchlet.release.xcconfig"; path = "Target Support Files/Pods-Touchlet/Pods-Touchlet.release.xcconfig"; sourceTree = "<group>"; };
		90C094CC103844EACE7A68D7 /* Pods-Touchlet.debug.xcconfig */ = {isa = PBXFileReference; includeInIndex = 1; lastKnownFileType = text.xcconfig; name = "Pods-Touchlet.debug.xcconfig"; path = "Target Support Files/Pods-Touchlet/Pods-Touchlet.debug.xcconfig"; sourceTree = "<group>"; };
		92015D0224050B5F0003A773 /* Preferences.storyboard */ = {isa = PBXFileReference; lastKnownFileType = file.storyboard; path = Preferences.storyboard; sourceTree = "<group>"; };
		92015D04240515000003A773 /* MainWindow.swift */ = {isa = PBXFileReference; lastKnownFileType = sourcecode.swift; path = MainWindow.swift; sourceTree = "<group>"; };
		92015D062405307B0003A773 /* NSWindowExtension.swift */ = {isa = PBXFileReference; lastKnownFileType = sourcecode.swift; path = NSWindowExtension.swift; sourceTree = "<group>"; };
		92015D0A2406B1310003A773 /* PreferencesWindow.swift */ = {isa = PBXFileReference; lastKnownFileType = sourcecode.swift; path = PreferencesWindow.swift; sourceTree = "<group>"; };
		92084DA223D7521A00661E60 /* Utility.swift */ = {isa = PBXFileReference; lastKnownFileType = sourcecode.swift; path = Utility.swift; sourceTree = "<group>"; };
		921046B123F2BB110069D8EC /* TouchBarUtil.swift */ = {isa = PBXFileReference; lastKnownFileType = sourcecode.swift; path = TouchBarUtil.swift; sourceTree = "<group>"; };
		92113E8D240428A500721341 /* GlobalKeybindPreferencesStore.swift */ = {isa = PBXFileReference; lastKnownFileType = sourcecode.swift; path = GlobalKeybindPreferencesStore.swift; sourceTree = "<group>"; };
		9212AE5F23D60373003482FB /* TouchItemPlacementController.swift */ = {isa = PBXFileReference; lastKnownFileType = sourcecode.swift; path = TouchItemPlacementController.swift; sourceTree = "<group>"; };
		9212AE6323D605A7003482FB /* TouchBarItemUserDefault.swift */ = {isa = PBXFileReference; lastKnownFileType = sourcecode.swift; path = TouchBarItemUserDefault.swift; sourceTree = "<group>"; };
		9212AE6523D606AC003482FB /* TouchBarItemStore.swift */ = {isa = PBXFileReference; lastKnownFileType = sourcecode.swift; path = TouchBarItemStore.swift; sourceTree = "<group>"; };
		9212AE6723D60763003482FB /* TouchBarItem.swift */ = {isa = PBXFileReference; lastKnownFileType = sourcecode.swift; path = TouchBarItem.swift; sourceTree = "<group>"; };
		921329F32406EB2000D9FE9E /* AddLinkViewController.xib */ = {isa = PBXFileReference; lastKnownFileType = file.xib; path = AddLinkViewController.xib; sourceTree = "<group>"; };
		921329F52407154200D9FE9E /* EditableTextField.swift */ = {isa = PBXFileReference; lastKnownFileType = sourcecode.swift; path = EditableTextField.swift; sourceTree = "<group>"; };
		92132A062407B21300D9FE9E /* libxml2.2.tbd */ = {isa = PBXFileReference; lastKnownFileType = "sourcecode.text-based-dylib-definition"; name = libxml2.2.tbd; path = usr/lib/libxml2.2.tbd; sourceTree = SDKROOT; };
		9239C71D23CB927C00990745 /* NSScrollViewExtension.swift */ = {isa = PBXFileReference; lastKnownFileType = sourcecode.swift; path = NSScrollViewExtension.swift; sourceTree = "<group>"; };
		923B985F23C5CF8D00BC48A7 /* AppCollectionViewItem.swift */ = {isa = PBXFileReference; lastKnownFileType = sourcecode.swift; path = AppCollectionViewItem.swift; sourceTree = "<group>"; };
		923B986023C5CF8D00BC48A7 /* AppCollectionViewItem.xib */ = {isa = PBXFileReference; lastKnownFileType = file.xib; path = AppCollectionViewItem.xib; sourceTree = "<group>"; };
		923B986C23C600C000BC48A7 /* HomeItemViewController.swift */ = {isa = PBXFileReference; lastKnownFileType = sourcecode.swift; path = HomeItemViewController.swift; sourceTree = "<group>"; };
		923B987223C6107000BC48A7 /* NSViewControllerExtension.swift */ = {isa = PBXFileReference; lastKnownFileType = sourcecode.swift; path = NSViewControllerExtension.swift; sourceTree = "<group>"; };
		9246321C23CB2F6600042EFE /* AppItemViewController.swift */ = {isa = PBXFileReference; fileEncoding = 4; lastKnownFileType = sourcecode.swift; path = AppItemViewController.swift; sourceTree = "<group>"; };
		9246321F23CB32C200042EFE /* HomeItemViewController.storyboard */ = {isa = PBXFileReference; lastKnownFileType = file.storyboard; path = HomeItemViewController.storyboard; sourceTree = "<group>"; };
		9246322123CB399100042EFE /* NSCollectionViewItem.swift */ = {isa = PBXFileReference; lastKnownFileType = sourcecode.swift; path = NSCollectionViewItem.swift; sourceTree = "<group>"; };
		9253BFE923DA04E9004721BC /* PointerLocationObserver.swift */ = {isa = PBXFileReference; lastKnownFileType = sourcecode.swift; path = PointerLocationObserver.swift; sourceTree = "<group>"; };
		925A240623C65EEE002BB85F /* SpotlightRepository.swift */ = {isa = PBXFileReference; lastKnownFileType = sourcecode.swift; path = SpotlightRepository.swift; sourceTree = "<group>"; };
		925A240F23C68779002BB85F /* SpotlightResult.swift */ = {isa = PBXFileReference; lastKnownFileType = sourcecode.swift; path = SpotlightResult.swift; sourceTree = "<group>"; };
		925A241123C69487002BB85F /* SpotlightItem.swift */ = {isa = PBXFileReference; lastKnownFileType = sourcecode.swift; path = SpotlightItem.swift; sourceTree = "<group>"; };
		925A241423C7378B002BB85F /* BookmarkRepository.swift */ = {isa = PBXFileReference; lastKnownFileType = sourcecode.swift; path = BookmarkRepository.swift; sourceTree = "<group>"; };
		925A243723C76205002BB85F /* libxml2.tbd */ = {isa = PBXFileReference; lastKnownFileType = "sourcecode.text-based-dylib-definition"; name = libxml2.tbd; path = usr/lib/libxml2.tbd; sourceTree = SDKROOT; };
		925A244F23C87F49002BB85F /* PersistentContainer.swift */ = {isa = PBXFileReference; lastKnownFileType = sourcecode.swift; path = PersistentContainer.swift; sourceTree = "<group>"; };
		925A245323C8B2CA002BB85F /* DataController.swift */ = {isa = PBXFileReference; lastKnownFileType = sourcecode.swift; path = DataController.swift; sourceTree = "<group>"; };
		925A245623C8D811002BB85F /* BookmarkStore.swift */ = {isa = PBXFileReference; lastKnownFileType = sourcecode.swift; path = BookmarkStore.swift; sourceTree = "<group>"; };
		925A245823C8D88C002BB85F /* BookmarkUserDefaults.swift */ = {isa = PBXFileReference; lastKnownFileType = sourcecode.swift; path = BookmarkUserDefaults.swift; sourceTree = "<group>"; };
		925A245A23C8D8B9002BB85F /* Global.swift */ = {isa = PBXFileReference; lastKnownFileType = sourcecode.swift; path = Global.swift; sourceTree = "<group>"; };
		925A245D23C8DB80002BB85F /* Link.swift */ = {isa = PBXFileReference; lastKnownFileType = sourcecode.swift; path = Link.swift; sourceTree = "<group>"; };
		925A245F23C8DBFD002BB85F /* NSStringExtension.swift */ = {isa = PBXFileReference; lastKnownFileType = sourcecode.swift; path = NSStringExtension.swift; sourceTree = "<group>"; };
		925F8C102406C0E3008CC1DE /* KeybindTagView.swift */ = {isa = PBXFileReference; lastKnownFileType = sourcecode.swift; path = KeybindTagView.swift; sourceTree = "<group>"; };
		926723ED23F2D1F6002D9BAE /* NSCursorHelper.swift */ = {isa = PBXFileReference; lastKnownFileType = sourcecode.swift; path = NSCursorHelper.swift; sourceTree = "<group>"; };
		926723EF23F3E819002D9BAE /* TouchBarItemButton.swift */ = {isa = PBXFileReference; lastKnownFileType = sourcecode.swift; path = TouchBarItemButton.swift; sourceTree = "<group>"; };
		9283107E23CA773200B115D1 /* LinkCollectionViewItem.swift */ = {isa = PBXFileReference; lastKnownFileType = sourcecode.swift; path = LinkCollectionViewItem.swift; sourceTree = "<group>"; };
		9283107F23CA773200B115D1 /* LinkCollectionViewItem.xib */ = {isa = PBXFileReference; lastKnownFileType = file.xib; path = LinkCollectionViewItem.xib; sourceTree = "<group>"; };
		9283108323CA78D700B115D1 /* BookmarkViewController.swift */ = {isa = PBXFileReference; lastKnownFileType = sourcecode.swift; path = BookmarkViewController.swift; sourceTree = "<group>"; };
		92861C922406DD34001B8EFD /* AddLinkViewController.swift */ = {isa = PBXFileReference; fileEncoding = 4; lastKnownFileType = sourcecode.swift; path = AddLinkViewController.swift; sourceTree = "<group>"; };
		92A0C8C92409173F000C5011 /* HomeSupportCollectionViewController.swift */ = {isa = PBXFileReference; lastKnownFileType = sourcecode.swift; path = HomeSupportCollectionViewController.swift; sourceTree = "<group>"; };
		92A1B2F223C4AA2100D7BEF1 /* Touchlet.app */ = {isa = PBXFileReference; explicitFileType = wrapper.application; includeInIndex = 0; path = Touchlet.app; sourceTree = BUILT_PRODUCTS_DIR; };
		92A1B2F523C4AA2100D7BEF1 /* AppDelegate.swift */ = {isa = PBXFileReference; lastKnownFileType = sourcecode.swift; path = AppDelegate.swift; sourceTree = "<group>"; };
		92A1B2F723C4AA2100D7BEF1 /* MainViewController.swift */ = {isa = PBXFileReference; lastKnownFileType = sourcecode.swift; path = MainViewController.swift; sourceTree = "<group>"; };
		92A1B2FA23C4AA2100D7BEF1 /* Touchlet.xcdatamodel */ = {isa = PBXFileReference; lastKnownFileType = wrapper.xcdatamodel; path = Touchlet.xcdatamodel; sourceTree = "<group>"; };
		92A1B2FC23C4AA2200D7BEF1 /* Assets.xcassets */ = {isa = PBXFileReference; lastKnownFileType = folder.assetcatalog; path = Assets.xcassets; sourceTree = "<group>"; };
		92A1B2FF23C4AA2200D7BEF1 /* Base */ = {isa = PBXFileReference; lastKnownFileType = file.storyboard; name = Base; path = Base.lproj/Main.storyboard; sourceTree = "<group>"; };
		92A1B30123C4AA2200D7BEF1 /* Info.plist */ = {isa = PBXFileReference; lastKnownFileType = text.plist.xml; path = Info.plist; sourceTree = "<group>"; };
		92A1B30223C4AA2200D7BEF1 /* Touchlet.entitlements */ = {isa = PBXFileReference; lastKnownFileType = text.plist.entitlements; path = Touchlet.entitlements; sourceTree = "<group>"; };
		92A1B30723C4AA2200D7BEF1 /* TouchletTests.xctest */ = {isa = PBXFileReference; explicitFileType = wrapper.cfbundle; includeInIndex = 0; path = TouchletTests.xctest; sourceTree = BUILT_PRODUCTS_DIR; };
		92A1B30B23C4AA2200D7BEF1 /* TouchletTests.swift */ = {isa = PBXFileReference; lastKnownFileType = sourcecode.swift; path = TouchletTests.swift; sourceTree = "<group>"; };
		92A1B30D23C4AA2200D7BEF1 /* Info.plist */ = {isa = PBXFileReference; lastKnownFileType = text.plist.xml; path = Info.plist; sourceTree = "<group>"; };
		92A1B31223C4AA2200D7BEF1 /* TouchletUITests.xctest */ = {isa = PBXFileReference; explicitFileType = wrapper.cfbundle; includeInIndex = 0; path = TouchletUITests.xctest; sourceTree = BUILT_PRODUCTS_DIR; };
		92A1B31623C4AA2200D7BEF1 /* TouchletUITests.swift */ = {isa = PBXFileReference; lastKnownFileType = sourcecode.swift; path = TouchletUITests.swift; sourceTree = "<group>"; };
		92A1B31823C4AA2200D7BEF1 /* Info.plist */ = {isa = PBXFileReference; lastKnownFileType = text.plist.xml; path = Info.plist; sourceTree = "<group>"; };
		92A1B32D23C4C0A000D7BEF1 /* NSColorExtension.swift */ = {isa = PBXFileReference; fileEncoding = 4; lastKnownFileType = sourcecode.swift; path = NSColorExtension.swift; sourceTree = "<group>"; };
		92A1B32E23C4C0A000D7BEF1 /* NSViewExtension.swift */ = {isa = PBXFileReference; fileEncoding = 4; lastKnownFileType = sourcecode.swift; path = NSViewExtension.swift; sourceTree = "<group>"; };
		92A1B32F23C4C0A000D7BEF1 /* NibLoadable.swift */ = {isa = PBXFileReference; fileEncoding = 4; lastKnownFileType = sourcecode.swift; path = NibLoadable.swift; sourceTree = "<group>"; };
		92A1B33423C4D8A200D7BEF1 /* MainWindowController.swift */ = {isa = PBXFileReference; lastKnownFileType = sourcecode.swift; path = MainWindowController.swift; sourceTree = "<group>"; };
		92A1B33923C4DC0D00D7BEF1 /* Logger.swift */ = {isa = PBXFileReference; lastKnownFileType = sourcecode.swift; path = Logger.swift; sourceTree = "<group>"; };
		92A1B33B23C4DC2400D7BEF1 /* FileLoader.swift */ = {isa = PBXFileReference; lastKnownFileType = sourcecode.swift; path = FileLoader.swift; sourceTree = "<group>"; };
		92D656AF2407DFFF003882DD /* ContentTypes.swift */ = {isa = PBXFileReference; fileEncoding = 4; lastKnownFileType = sourcecode.swift; path = ContentTypes.swift; sourceTree = "<group>"; };
		92D656B02407DFFF003882DD /* Icon.swift */ = {isa = PBXFileReference; fileEncoding = 4; lastKnownFileType = sourcecode.swift; path = Icon.swift; sourceTree = "<group>"; };
		92D656B12407DFFF003882DD /* IconType.swift */ = {isa = PBXFileReference; fileEncoding = 4; lastKnownFileType = sourcecode.swift; path = IconType.swift; sourceTree = "<group>"; };
		92D656B22407DFFF003882DD /* Download.swift */ = {isa = PBXFileReference; fileEncoding = 4; lastKnownFileType = sourcecode.swift; path = Download.swift; sourceTree = "<group>"; };
		92D656B32407DFFF003882DD /* HTML.swift */ = {isa = PBXFileReference; fileEncoding = 4; lastKnownFileType = sourcecode.swift; path = HTML.swift; sourceTree = "<group>"; };
		92D656B42407DFFF003882DD /* FavIcon.swift */ = {isa = PBXFileReference; fileEncoding = 4; lastKnownFileType = sourcecode.swift; path = FavIcon.swift; sourceTree = "<group>"; };
		92D656B52407DFFF003882DD /* FavIcon.h */ = {isa = PBXFileReference; fileEncoding = 4; lastKnownFileType = sourcecode.c.h; path = FavIcon.h; sourceTree = "<group>"; };
		92D656B62407DFFF003882DD /* XML.swift */ = {isa = PBXFileReference; fileEncoding = 4; lastKnownFileType = sourcecode.swift; path = XML.swift; sourceTree = "<group>"; };
		92D656B72407DFFF003882DD /* Detection.swift */ = {isa = PBXFileReference; fileEncoding = 4; lastKnownFileType = sourcecode.swift; path = Detection.swift; sourceTree = "<group>"; };
		92D656BA2407DFFF003882DD /* libxml2-favicon.h */ = {isa = PBXFileReference; fileEncoding = 4; lastKnownFileType = sourcecode.c.h; path = "libxml2-favicon.h"; sourceTree = "<group>"; };
		92D656BB2407DFFF003882DD /* module.modulemap */ = {isa = PBXFileReference; fileEncoding = 4; lastKnownFileType = "sourcecode.module-map"; path = module.modulemap; sourceTree = "<group>"; };
		92E16C732403CE4000511EE1 /* GlobalKeybindPreferences.swift */ = {isa = PBXFileReference; lastKnownFileType = sourcecode.swift; path = GlobalKeybindPreferences.swift; sourceTree = "<group>"; };
		92E16C752403D60E00511EE1 /* PreferencesViewController.swift */ = {isa = PBXFileReference; lastKnownFileType = sourcecode.swift; path = PreferencesViewController.swift; sourceTree = "<group>"; };
		92FE9B0E23CF56AC00FA6AC6 /* OuterScrollView.swift */ = {isa = PBXFileReference; lastKnownFileType = sourcecode.swift; path = OuterScrollView.swift; sourceTree = "<group>"; };
		92FE9B1023CF5AC400FA6AC6 /* Cache.swift */ = {isa = PBXFileReference; lastKnownFileType = sourcecode.swift; path = Cache.swift; sourceTree = "<group>"; };
		92FE9B1323CF794900FA6AC6 /* NSDataExtension.swift */ = {isa = PBXFileReference; lastKnownFileType = sourcecode.swift; path = NSDataExtension.swift; sourceTree = "<group>"; };
		92FE9B1523CF79E900FA6AC6 /* NSImageExtension.swift */ = {isa = PBXFileReference; lastKnownFileType = sourcecode.swift; path = NSImageExtension.swift; sourceTree = "<group>"; };
		92FE9B1723CFB4AD00FA6AC6 /* FaviconProvider.swift */ = {isa = PBXFileReference; lastKnownFileType = sourcecode.swift; path = FaviconProvider.swift; sourceTree = "<group>"; };
		92FE9B1F23CFDAF600FA6AC6 /* SpotlightWhitelist.json */ = {isa = PBXFileReference; lastKnownFileType = text.json; path = SpotlightWhitelist.json; sourceTree = "<group>"; };
		92FE9B2123D0718100FA6AC6 /* HomeCollectionItemsUtil.swift */ = {isa = PBXFileReference; lastKnownFileType = sourcecode.swift; path = HomeCollectionItemsUtil.swift; sourceTree = "<group>"; };
		92FE9B2323D0ACBC00FA6AC6 /* ButtonCollectionViewItem.swift */ = {isa = PBXFileReference; lastKnownFileType = sourcecode.swift; path = ButtonCollectionViewItem.swift; sourceTree = "<group>"; };
		92FE9B2423D0ACBC00FA6AC6 /* ButtonCollectionViewItem.xib */ = {isa = PBXFileReference; lastKnownFileType = file.xib; path = ButtonCollectionViewItem.xib; sourceTree = "<group>"; };
		AAB4BCE4A7A57B19483220DC /* Pods_Touchlet.framework */ = {isa = PBXFileReference; explicitFileType = wrapper.framework; includeInIndex = 0; path = Pods_Touchlet.framework; sourceTree = BUILT_PRODUCTS_DIR; };
/* End PBXFileReference section */

/* Begin PBXFrameworksBuildPhase section */
		92A1B2EF23C4AA2100D7BEF1 /* Frameworks */ = {
			isa = PBXFrameworksBuildPhase;
			buildActionMask = 2147483647;
			files = (
				83751E29B9CEA1BBE3E0B628 /* Pods_Touchlet.framework in Frameworks */,
			);
			runOnlyForDeploymentPostprocessing = 0;
		};
		92A1B30423C4AA2200D7BEF1 /* Frameworks */ = {
			isa = PBXFrameworksBuildPhase;
			buildActionMask = 2147483647;
			files = (
			);
			runOnlyForDeploymentPostprocessing = 0;
		};
		92A1B30F23C4AA2200D7BEF1 /* Frameworks */ = {
			isa = PBXFrameworksBuildPhase;
			buildActionMask = 2147483647;
			files = (
			);
			runOnlyForDeploymentPostprocessing = 0;
		};
/* End PBXFrameworksBuildPhase section */

/* Begin PBXGroup section */
		47FCF28CB828B4E8BAB125E9 /* Pods */ = {
			isa = PBXGroup;
			children = (
				90C094CC103844EACE7A68D7 /* Pods-Touchlet.debug.xcconfig */,
				25E1A65C9426C5503D4B6DB7 /* Pods-Touchlet.release.xcconfig */,
			);
			path = Pods;
			sourceTree = "<group>";
		};
		9209AD9824080EAC0057E21D /* Store */ = {
			isa = PBXGroup;
			children = (
				925A241423C7378B002BB85F /* BookmarkRepository.swift */,
				925A245623C8D811002BB85F /* BookmarkStore.swift */,
				925A245823C8D88C002BB85F /* BookmarkUserDefaults.swift */,
			);
			path = Store;
			sourceTree = "<group>";
		};
		921046B323F2C14A0069D8EC /* UI */ = {
			isa = PBXGroup;
			children = (
				9212AE5F23D60373003482FB /* TouchItemPlacementController.swift */,
			);
			path = UI;
			sourceTree = "<group>";
		};
		92113E8C2404289400721341 /* Store */ = {
			isa = PBXGroup;
			children = (
				92113E8D240428A500721341 /* GlobalKeybindPreferencesStore.swift */,
			);
			path = Store;
			sourceTree = "<group>";
		};
		921239DF23DA795800CA3276 /* Store */ = {
			isa = PBXGroup;
			children = (
				9212AE6523D606AC003482FB /* TouchBarItemStore.swift */,
				9212AE6323D605A7003482FB /* TouchBarItemUserDefault.swift */,
			);
			path = Store;
			sourceTree = "<group>";
		};
		921239E023DA7AAC00CA3276 /* Model */ = {
			isa = PBXGroup;
			children = (
				9212AE6723D60763003482FB /* TouchBarItem.swift */,
			);
			path = Model;
			sourceTree = "<group>";
		};
		9212AE6223D604E6003482FB /* TouchBar */ = {
			isa = PBXGroup;
			children = (
				921046B323F2C14A0069D8EC /* UI */,
				921239E023DA7AAC00CA3276 /* Model */,
				921239DF23DA795800CA3276 /* Store */,
				921046B123F2BB110069D8EC /* TouchBarUtil.swift */,
				926723EF23F3E819002D9BAE /* TouchBarItemButton.swift */,
				9253BFE923DA04E9004721BC /* PointerLocationObserver.swift */,
			);
			path = TouchBar;
			sourceTree = "<group>";
		};
		923B986323C5E51F00BC48A7 /* UI */ = {
			isa = PBXGroup;
			children = (
				92FE9B2323D0ACBC00FA6AC6 /* ButtonCollectionViewItem.swift */,
				92FE9B2423D0ACBC00FA6AC6 /* ButtonCollectionViewItem.xib */,
				923B986C23C600C000BC48A7 /* HomeItemViewController.swift */,
				92FE9B2123D0718100FA6AC6 /* HomeCollectionItemsUtil.swift */,
				9246321F23CB32C200042EFE /* HomeItemViewController.storyboard */,
				92A0C8C92409173F000C5011 /* HomeSupportCollectionViewController.swift */,
			);
			path = UI;
			sourceTree = "<group>";
		};
		923B987023C602E300BC48A7 /* Main */ = {
			isa = PBXGroup;
			children = (
				92D98A7B240439740072F68F /* Preferences */,
				923B987123C6037C00BC48A7 /* UI */,
			);
			path = Main;
			sourceTree = "<group>";
		};
		923B987123C6037C00BC48A7 /* UI */ = {
			isa = PBXGroup;
			children = (
				92A1B2FE23C4AA2200D7BEF1 /* Main.storyboard */,
				92015D04240515000003A773 /* MainWindow.swift */,
				92A1B2F723C4AA2100D7BEF1 /* MainViewController.swift */,
				92A1B33423C4D8A200D7BEF1 /* MainWindowController.swift */,
			);
			path = UI;
			sourceTree = "<group>";
		};
		925A240A23C685AF002BB85F /* Spotlight */ = {
			isa = PBXGroup;
			children = (
				925A240F23C68779002BB85F /* SpotlightResult.swift */,
				925A240623C65EEE002BB85F /* SpotlightRepository.swift */,
				925A241123C69487002BB85F /* SpotlightItem.swift */,
				92FE9B1F23CFDAF600FA6AC6 /* SpotlightWhitelist.json */,
			);
			path = Spotlight;
			sourceTree = "<group>";
		};
		925A241623C73AD1002BB85F /* Extension */ = {
			isa = PBXGroup;
			children = (
				92A1B32D23C4C0A000D7BEF1 /* NSColorExtension.swift */,
				92A1B32E23C4C0A000D7BEF1 /* NSViewExtension.swift */,
				923B987223C6107000BC48A7 /* NSViewControllerExtension.swift */,
				925A245F23C8DBFD002BB85F /* NSStringExtension.swift */,
				9246322123CB399100042EFE /* NSCollectionViewItem.swift */,
				9239C71D23CB927C00990745 /* NSScrollViewExtension.swift */,
				92FE9B1323CF794900FA6AC6 /* NSDataExtension.swift */,
				92FE9B1523CF79E900FA6AC6 /* NSImageExtension.swift */,
				926723ED23F2D1F6002D9BAE /* NSCursorHelper.swift */,
				92015D062405307B0003A773 /* NSWindowExtension.swift */,
			);
			path = Extension;
			sourceTree = "<group>";
		};
		925A243623C76205002BB85F /* Frameworks */ = {
			isa = PBXGroup;
			children = (
				92132A062407B21300D9FE9E /* libxml2.2.tbd */,
				925A243723C76205002BB85F /* libxml2.tbd */,
				AAB4BCE4A7A57B19483220DC /* Pods_Touchlet.framework */,
			);
			name = Frameworks;
			sourceTree = "<group>";
		};
		925A244E23C87F2F002BB85F /* Storage */ = {
			isa = PBXGroup;
			children = (
				92FE9B1223CF60F100FA6AC6 /* PersistentCache */,
				925A245323C8B2CA002BB85F /* DataController.swift */,
				925A244F23C87F49002BB85F /* PersistentContainer.swift */,
			);
			path = Storage;
			sourceTree = "<group>";
		};
		925A245523C8D7D8002BB85F /* Bookmarks */ = {
			isa = PBXGroup;
			children = (
				9209AD9824080EAC0057E21D /* Store */,
				92FE9B1723CFB4AD00FA6AC6 /* FaviconProvider.swift */,
				9283108223CA773A00B115D1 /* UI */,
			);
			path = Bookmarks;
			sourceTree = "<group>";
		};
		925A245C23C8DB75002BB85F /* Domain */ = {
			isa = PBXGroup;
			children = (
				925A245D23C8DB80002BB85F /* Link.swift */,
			);
			path = Domain;
			sourceTree = "<group>";
		};
		927C7F1F2406D00F00F61A64 /* KeybindTagView */ = {
			isa = PBXGroup;
			children = (
				925F8C102406C0E3008CC1DE /* KeybindTagView.swift */,
			);
			path = KeybindTagView;
			sourceTree = "<group>";
		};
		9283108223CA773A00B115D1 /* UI */ = {
			isa = PBXGroup;
			children = (
				921329F32406EB2000D9FE9E /* AddLinkViewController.xib */,
				92861C922406DD34001B8EFD /* AddLinkViewController.swift */,
				9283108323CA78D700B115D1 /* BookmarkViewController.swift */,
				9283107F23CA773200B115D1 /* LinkCollectionViewItem.xib */,
				9283107E23CA773200B115D1 /* LinkCollectionViewItem.swift */,
			);
			path = UI;
			sourceTree = "<group>";
		};
		9283108723CA7CBF00B115D1 /* Spotlights */ = {
			isa = PBXGroup;
			children = (
				9246321C23CB2F6600042EFE /* AppItemViewController.swift */,
				923B985F23C5CF8D00BC48A7 /* AppCollectionViewItem.swift */,
				923B986023C5CF8D00BC48A7 /* AppCollectionViewItem.xib */,
			);
			path = Spotlights;
			sourceTree = "<group>";
		};
		92A1B2E923C4AA2100D7BEF1 = {
			isa = PBXGroup;
			children = (
				92D656B92407DFFF003882DD /* Modules */,
				92A1B2F423C4AA2100D7BEF1 /* Touchlet */,
				92A1B30A23C4AA2200D7BEF1 /* TouchletTests */,
				92A1B31523C4AA2200D7BEF1 /* TouchletUITests */,
				92A1B2F323C4AA2100D7BEF1 /* Products */,
				925A243623C76205002BB85F /* Frameworks */,
				47FCF28CB828B4E8BAB125E9 /* Pods */,
			);
			sourceTree = "<group>";
		};
		92A1B2F323C4AA2100D7BEF1 /* Products */ = {
			isa = PBXGroup;
			children = (
				92A1B2F223C4AA2100D7BEF1 /* Touchlet.app */,
				92A1B30723C4AA2200D7BEF1 /* TouchletTests.xctest */,
				92A1B31223C4AA2200D7BEF1 /* TouchletUITests.xctest */,
			);
			name = Products;
			sourceTree = "<group>";
		};
		92A1B2F423C4AA2100D7BEF1 /* Touchlet */ = {
			isa = PBXGroup;
			children = (
				92A1B33623C4DBBF00D7BEF1 /* Application */,
				923B987023C602E300BC48A7 /* Main */,
				92A1B33D23C4E7EB00D7BEF1 /* Home */,
				92A1B33723C4DBEB00D7BEF1 /* Core */,
				925A241623C73AD1002BB85F /* Extension */,
				92A1B2FC23C4AA2200D7BEF1 /* Assets.xcassets */,
				92A1B30123C4AA2200D7BEF1 /* Info.plist */,
				92A1B30223C4AA2200D7BEF1 /* Touchlet.entitlements */,
				92A1B2F923C4AA2100D7BEF1 /* Touchlet.xcdatamodeld */,
			);
			path = Touchlet;
			sourceTree = "<group>";
		};
		92A1B30A23C4AA2200D7BEF1 /* TouchletTests */ = {
			isa = PBXGroup;
			children = (
				92A1B30B23C4AA2200D7BEF1 /* TouchletTests.swift */,
				92A1B30D23C4AA2200D7BEF1 /* Info.plist */,
			);
			path = TouchletTests;
			sourceTree = "<group>";
		};
		92A1B31523C4AA2200D7BEF1 /* TouchletUITests */ = {
			isa = PBXGroup;
			children = (
				92A1B31623C4AA2200D7BEF1 /* TouchletUITests.swift */,
				92A1B31823C4AA2200D7BEF1 /* Info.plist */,
			);
			path = TouchletUITests;
			sourceTree = "<group>";
		};
		92A1B33323C4C0AC00D7BEF1 /* View */ = {
			isa = PBXGroup;
			children = (
				92A1B32F23C4C0A000D7BEF1 /* NibLoadable.swift */,
				92FE9B0E23CF56AC00FA6AC6 /* OuterScrollView.swift */,
				921329F52407154200D9FE9E /* EditableTextField.swift */,
			);
			path = View;
			sourceTree = "<group>";
		};
		92A1B33623C4DBBF00D7BEF1 /* Application */ = {
			isa = PBXGroup;
			children = (
				92A1B2F523C4AA2100D7BEF1 /* AppDelegate.swift */,
			);
			path = Application;
			sourceTree = "<group>";
		};
		92A1B33723C4DBEB00D7BEF1 /* Core */ = {
			isa = PBXGroup;
			children = (
				92A1B33323C4C0AC00D7BEF1 /* View */,
				92E16C722403CE1500511EE1 /* Keybind */,
				9212AE6223D604E6003482FB /* TouchBar */,
				925A245C23C8DB75002BB85F /* Domain */,
				925A244E23C87F2F002BB85F /* Storage */,
				925A240A23C685AF002BB85F /* Spotlight */,
				92A1B33823C4DBF200D7BEF1 /* Utilities */,
				925A245A23C8D8B9002BB85F /* Global.swift */,
			);
			path = Core;
			sourceTree = "<group>";
		};
		92A1B33823C4DBF200D7BEF1 /* Utilities */ = {
			isa = PBXGroup;
			children = (
				92A1B33923C4DC0D00D7BEF1 /* Logger.swift */,
				92A1B33B23C4DC2400D7BEF1 /* FileLoader.swift */,
				92084DA223D7521A00661E60 /* Utility.swift */,
			);
			path = Utilities;
			sourceTree = "<group>";
		};
		92A1B33D23C4E7EB00D7BEF1 /* Home */ = {
			isa = PBXGroup;
			children = (
				9283108723CA7CBF00B115D1 /* Spotlights */,
				925A245523C8D7D8002BB85F /* Bookmarks */,
				923B986323C5E51F00BC48A7 /* UI */,
			);
			path = Home;
			sourceTree = "<group>";
		};
		92D656AE2407DFFF003882DD /* FavIcon.swiftmodule */ = {
			isa = PBXGroup;
			children = (
				92D656AF2407DFFF003882DD /* ContentTypes.swift */,
				92D656B02407DFFF003882DD /* Icon.swift */,
				92D656B12407DFFF003882DD /* IconType.swift */,
				92D656B22407DFFF003882DD /* Download.swift */,
				92D656B32407DFFF003882DD /* HTML.swift */,
				92D656B42407DFFF003882DD /* FavIcon.swift */,
				92D656B52407DFFF003882DD /* FavIcon.h */,
				92D656B62407DFFF003882DD /* XML.swift */,
				92D656B72407DFFF003882DD /* Detection.swift */,
			);
			path = FavIcon.swiftmodule;
			sourceTree = "<group>";
		};
		92D656B92407DFFF003882DD /* Modules */ = {
			isa = PBXGroup;
			children = (
				92D656AE2407DFFF003882DD /* FavIcon.swiftmodule */,
				92D656BA2407DFFF003882DD /* libxml2-favicon.h */,
				92D656BB2407DFFF003882DD /* module.modulemap */,
			);
			path = Modules;
			sourceTree = "<group>";
		};
		92D98A7B240439740072F68F /* Preferences */ = {
			isa = PBXGroup;
			children = (
				927C7F1F2406D00F00F61A64 /* KeybindTagView */,
				92015D0224050B5F0003A773 /* Preferences.storyboard */,
				92015D0A2406B1310003A773 /* PreferencesWindow.swift */,
				92E16C752403D60E00511EE1 /* PreferencesViewController.swift */,
			);
			path = Preferences;
			sourceTree = "<group>";
		};
		92E16C722403CE1500511EE1 /* Keybind */ = {
			isa = PBXGroup;
			children = (
				92113E8C2404289400721341 /* Store */,
				92E16C732403CE4000511EE1 /* GlobalKeybindPreferences.swift */,
			);
			path = Keybind;
			sourceTree = "<group>";
		};
		92FE9B1223CF60F100FA6AC6 /* PersistentCache */ = {
			isa = PBXGroup;
			children = (
				92FE9B1023CF5AC400FA6AC6 /* Cache.swift */,
			);
			path = PersistentCache;
			sourceTree = "<group>";
		};
/* End PBXGroup section */

/* Begin PBXNativeTarget section */
		92A1B2F123C4AA2100D7BEF1 /* Touchlet */ = {
			isa = PBXNativeTarget;
			buildConfigurationList = 92A1B31B23C4AA2200D7BEF1 /* Build configuration list for PBXNativeTarget "Touchlet" */;
			buildPhases = (
				EEE34B347D7308731DC6B5EF /* [CP] Check Pods Manifest.lock */,
				92A1B2EE23C4AA2100D7BEF1 /* Sources */,
				92A1B2EF23C4AA2100D7BEF1 /* Frameworks */,
				92A1B2F023C4AA2100D7BEF1 /* Resources */,
				0065AD308333DB31344065CE /* [CP] Embed Pods Frameworks */,
			);
			buildRules = (
			);
			dependencies = (
			);
			name = Touchlet;
			productName = Touchlet;
			productReference = 92A1B2F223C4AA2100D7BEF1 /* Touchlet.app */;
			productType = "com.apple.product-type.application";
		};
		92A1B30623C4AA2200D7BEF1 /* TouchletTests */ = {
			isa = PBXNativeTarget;
			buildConfigurationList = 92A1B31E23C4AA2200D7BEF1 /* Build configuration list for PBXNativeTarget "TouchletTests" */;
			buildPhases = (
				92A1B30323C4AA2200D7BEF1 /* Sources */,
				92A1B30423C4AA2200D7BEF1 /* Frameworks */,
				92A1B30523C4AA2200D7BEF1 /* Resources */,
			);
			buildRules = (
			);
			dependencies = (
				92A1B30923C4AA2200D7BEF1 /* PBXTargetDependency */,
			);
			name = TouchletTests;
			productName = TouchletTests;
			productReference = 92A1B30723C4AA2200D7BEF1 /* TouchletTests.xctest */;
			productType = "com.apple.product-type.bundle.unit-test";
		};
		92A1B31123C4AA2200D7BEF1 /* TouchletUITests */ = {
			isa = PBXNativeTarget;
			buildConfigurationList = 92A1B32123C4AA2200D7BEF1 /* Build configuration list for PBXNativeTarget "TouchletUITests" */;
			buildPhases = (
				92A1B30E23C4AA2200D7BEF1 /* Sources */,
				92A1B30F23C4AA2200D7BEF1 /* Frameworks */,
				92A1B31023C4AA2200D7BEF1 /* Resources */,
			);
			buildRules = (
			);
			dependencies = (
				92A1B31423C4AA2200D7BEF1 /* PBXTargetDependency */,
			);
			name = TouchletUITests;
			productName = TouchletUITests;
			productReference = 92A1B31223C4AA2200D7BEF1 /* TouchletUITests.xctest */;
			productType = "com.apple.product-type.bundle.ui-testing";
		};
/* End PBXNativeTarget section */

/* Begin PBXProject section */
		92A1B2EA23C4AA2100D7BEF1 /* Project object */ = {
			isa = PBXProject;
			attributes = {
				LastSwiftUpdateCheck = 1030;
				LastUpgradeCheck = 1030;
				ORGANIZATIONNAME = "Elias Igbalajobi";
				TargetAttributes = {
					92A1B2F123C4AA2100D7BEF1 = {
						CreatedOnToolsVersion = 10.3;
					};
					92A1B30623C4AA2200D7BEF1 = {
						CreatedOnToolsVersion = 10.3;
						TestTargetID = 92A1B2F123C4AA2100D7BEF1;
					};
					92A1B31123C4AA2200D7BEF1 = {
						CreatedOnToolsVersion = 10.3;
						TestTargetID = 92A1B2F123C4AA2100D7BEF1;
					};
				};
			};
			buildConfigurationList = 92A1B2ED23C4AA2100D7BEF1 /* Build configuration list for PBXProject "Touchlet" */;
			compatibilityVersion = "Xcode 9.3";
			developmentRegion = en;
			hasScannedForEncodings = 0;
			knownRegions = (
				en,
				Base,
			);
			mainGroup = 92A1B2E923C4AA2100D7BEF1;
			productRefGroup = 92A1B2F323C4AA2100D7BEF1 /* Products */;
			projectDirPath = "";
			projectRoot = "";
			targets = (
				92A1B2F123C4AA2100D7BEF1 /* Touchlet */,
				92A1B30623C4AA2200D7BEF1 /* TouchletTests */,
				92A1B31123C4AA2200D7BEF1 /* TouchletUITests */,
			);
		};
/* End PBXProject section */

/* Begin PBXResourcesBuildPhase section */
		92A1B2F023C4AA2100D7BEF1 /* Resources */ = {
			isa = PBXResourcesBuildPhase;
			buildActionMask = 2147483647;
			files = (
				92A1B2FD23C4AA2200D7BEF1 /* Assets.xcassets in Resources */,
				923B986223C5CF8D00BC48A7 /* AppCollectionViewItem.xib in Resources */,
				92015D0324050B5F0003A773 /* Preferences.storyboard in Resources */,
				92FE9B2023CFDAF600FA6AC6 /* SpotlightWhitelist.json in Resources */,
				921329F42406EB2000D9FE9E /* AddLinkViewController.xib in Resources */,
				92FE9B2623D0ACBC00FA6AC6 /* ButtonCollectionViewItem.xib in Resources */,
				9246322023CB32C200042EFE /* HomeItemViewController.storyboard in Resources */,
				92A1B30023C4AA2200D7BEF1 /* Main.storyboard in Resources */,
				9283108123CA773200B115D1 /* LinkCollectionViewItem.xib in Resources */,
			);
			runOnlyForDeploymentPostprocessing = 0;
		};
		92A1B30523C4AA2200D7BEF1 /* Resources */ = {
			isa = PBXResourcesBuildPhase;
			buildActionMask = 2147483647;
			files = (
			);
			runOnlyForDeploymentPostprocessing = 0;
		};
		92A1B31023C4AA2200D7BEF1 /* Resources */ = {
			isa = PBXResourcesBuildPhase;
			buildActionMask = 2147483647;
			files = (
			);
			runOnlyForDeploymentPostprocessing = 0;
		};
/* End PBXResourcesBuildPhase section */

/* Begin PBXShellScriptBuildPhase section */
		0065AD308333DB31344065CE /* [CP] Embed Pods Frameworks */ = {
			isa = PBXShellScriptBuildPhase;
			buildActionMask = 2147483647;
			files = (
			);
			inputFileListPaths = (
				"${PODS_ROOT}/Target Support Files/Pods-Touchlet/Pods-Touchlet-frameworks-${CONFIGURATION}-input-files.xcfilelist",
			);
			name = "[CP] Embed Pods Frameworks";
			outputFileListPaths = (
				"${PODS_ROOT}/Target Support Files/Pods-Touchlet/Pods-Touchlet-frameworks-${CONFIGURATION}-output-files.xcfilelist",
			);
			runOnlyForDeploymentPostprocessing = 0;
			shellPath = /bin/sh;
			shellScript = "\"${PODS_ROOT}/Target Support Files/Pods-Touchlet/Pods-Touchlet-frameworks.sh\"\n";
			showEnvVarsInLog = 0;
		};
		EEE34B347D7308731DC6B5EF /* [CP] Check Pods Manifest.lock */ = {
			isa = PBXShellScriptBuildPhase;
			buildActionMask = 2147483647;
			files = (
			);
			inputFileListPaths = (
			);
			inputPaths = (
				"${PODS_PODFILE_DIR_PATH}/Podfile.lock",
				"${PODS_ROOT}/Manifest.lock",
			);
			name = "[CP] Check Pods Manifest.lock";
			outputFileListPaths = (
			);
			outputPaths = (
				"$(DERIVED_FILE_DIR)/Pods-Touchlet-checkManifestLockResult.txt",
			);
			runOnlyForDeploymentPostprocessing = 0;
			shellPath = /bin/sh;
			shellScript = "diff \"${PODS_PODFILE_DIR_PATH}/Podfile.lock\" \"${PODS_ROOT}/Manifest.lock\" > /dev/null\nif [ $? != 0 ] ; then\n    # print error to STDERR\n    echo \"error: The sandbox is not in sync with the Podfile.lock. Run 'pod install' or update your CocoaPods installation.\" >&2\n    exit 1\nfi\n# This output is used by Xcode 'outputs' to avoid re-running this script phase.\necho \"SUCCESS\" > \"${SCRIPT_OUTPUT_FILE_0}\"\n";
			showEnvVarsInLog = 0;
		};
/* End PBXShellScriptBuildPhase section */

/* Begin PBXSourcesBuildPhase section */
		92A1B2EE23C4AA2100D7BEF1 /* Sources */ = {
			isa = PBXSourcesBuildPhase;
			buildActionMask = 2147483647;
			files = (
				92A1B2FB23C4AA2100D7BEF1 /* Touchlet.xcdatamodeld in Sources */,
				923B986123C5CF8D00BC48A7 /* AppCollectionViewItem.swift in Sources */,
				92D656C02407DFFF003882DD /* Download.swift in Sources */,
				92FE9B1423CF794900FA6AC6 /* NSDataExtension.swift in Sources */,
				92FE9B2523D0ACBC00FA6AC6 /* ButtonCollectionViewItem.swift in Sources */,
				92861C932406DD34001B8EFD /* AddLinkViewController.swift in Sources */,
				92D656BD2407DFFF003882DD /* ContentTypes.swift in Sources */,
				92D656C42407DFFF003882DD /* Detection.swift in Sources */,
				92D656C22407DFFF003882DD /* FavIcon.swift in Sources */,
				92E16C762403D60E00511EE1 /* PreferencesViewController.swift in Sources */,
				92D656C32407DFFF003882DD /* XML.swift in Sources */,
				92FE9B1123CF5AC400FA6AC6 /* Cache.swift in Sources */,
				9239C71E23CB927C00990745 /* NSScrollViewExtension.swift in Sources */,
				92D656BE2407DFFF003882DD /* Icon.swift in Sources */,
				92015D05240515000003A773 /* MainWindow.swift in Sources */,
				92A1B33123C4C0A000D7BEF1 /* NSViewExtension.swift in Sources */,
				923B987323C6107000BC48A7 /* NSViewControllerExtension.swift in Sources */,
				921329F62407154200D9FE9E /* EditableTextField.swift in Sources */,
				92A1B33223C4C0A000D7BEF1 /* NibLoadable.swift in Sources */,
				92FE9B2223D0718100FA6AC6 /* HomeCollectionItemsUtil.swift in Sources */,
				92084DA323D7521A00661E60 /* Utility.swift in Sources */,
				925A245723C8D811002BB85F /* BookmarkStore.swift in Sources */,
				925A241523C7378B002BB85F /* BookmarkRepository.swift in Sources */,
				92A1B2F823C4AA2100D7BEF1 /* MainViewController.swift in Sources */,
				9212AE6A23D61579003482FB /* TouchBarItemUserDefault.swift in Sources */,
				92FE9B0F23CF56AC00FA6AC6 /* OuterScrollView.swift in Sources */,
				9246322223CB399100042EFE /* NSCollectionViewItem.swift in Sources */,
				92A1B33C23C4DC2400D7BEF1 /* FileLoader.swift in Sources */,
				925A245923C8D88C002BB85F /* BookmarkUserDefaults.swift in Sources */,
				92D656BF2407DFFF003882DD /* IconType.swift in Sources */,
				92E16C742403CE4000511EE1 /* GlobalKeybindPreferences.swift in Sources */,
				9283108023CA773200B115D1 /* LinkCollectionViewItem.swift in Sources */,
				92D656C12407DFFF003882DD /* HTML.swift in Sources */,
				925A245E23C8DB80002BB85F /* Link.swift in Sources */,
				925A245B23C8D8B9002BB85F /* Global.swift in Sources */,
				925A241223C69487002BB85F /* SpotlightItem.swift in Sources */,
				9283108423CA78D700B115D1 /* BookmarkViewController.swift in Sources */,
				92A1B33A23C4DC0D00D7BEF1 /* Logger.swift in Sources */,
				92FE9B1623CF79E900FA6AC6 /* NSImageExtension.swift in Sources */,
				92113E8E240428A500721341 /* GlobalKeybindPreferencesStore.swift in Sources */,
				9212AE6823D60763003482FB /* TouchBarItem.swift in Sources */,
				92A1B33023C4C0A000D7BEF1 /* NSColorExtension.swift in Sources */,
				926723EE23F2D1F6002D9BAE /* NSCursorHelper.swift in Sources */,
				92FE9B1823CFB4AD00FA6AC6 /* FaviconProvider.swift in Sources */,
				925A246023C8DBFD002BB85F /* NSStringExtension.swift in Sources */,
				92A0C8CA2409173F000C5011 /* HomeSupportCollectionViewController.swift in Sources */,
				9212AE6623D606AC003482FB /* TouchBarItemStore.swift in Sources */,
				923B986E23C600C000BC48A7 /* HomeItemViewController.swift in Sources */,
				9246321D23CB2F6600042EFE /* AppItemViewController.swift in Sources */,
				925A245023C87F49002BB85F /* PersistentContainer.swift in Sources */,
				925F8C112406C0E3008CC1DE /* KeybindTagView.swift in Sources */,
				9253BFEA23DA04E9004721BC /* PointerLocationObserver.swift in Sources */,
				925A240723C65EEE002BB85F /* SpotlightRepository.swift in Sources */,
				92A1B33523C4D8A200D7BEF1 /* MainWindowController.swift in Sources */,
				925A241023C68779002BB85F /* SpotlightResult.swift in Sources */,
				92A1B2F623C4AA2100D7BEF1 /* AppDelegate.swift in Sources */,
				925A245423C8B2CA002BB85F /* DataController.swift in Sources */,
				92015D072405307B0003A773 /* NSWindowExtension.swift in Sources */,
				9212AE6023D60373003482FB /* TouchItemPlacementController.swift in Sources */,
				926723F023F3E819002D9BAE /* TouchBarItemButton.swift in Sources */,
				92015D0B2406B1310003A773 /* PreferencesWindow.swift in Sources */,
				921046B223F2BB110069D8EC /* TouchBarUtil.swift in Sources */,
			);
			runOnlyForDeploymentPostprocessing = 0;
		};
		92A1B30323C4AA2200D7BEF1 /* Sources */ = {
			isa = PBXSourcesBuildPhase;
			buildActionMask = 2147483647;
			files = (
				92A1B30C23C4AA2200D7BEF1 /* TouchletTests.swift in Sources */,
			);
			runOnlyForDeploymentPostprocessing = 0;
		};
		92A1B30E23C4AA2200D7BEF1 /* Sources */ = {
			isa = PBXSourcesBuildPhase;
			buildActionMask = 2147483647;
			files = (
				92A1B31723C4AA2200D7BEF1 /* TouchletUITests.swift in Sources */,
			);
			runOnlyForDeploymentPostprocessing = 0;
		};
/* End PBXSourcesBuildPhase section */

/* Begin PBXTargetDependency section */
		92A1B30923C4AA2200D7BEF1 /* PBXTargetDependency */ = {
			isa = PBXTargetDependency;
			target = 92A1B2F123C4AA2100D7BEF1 /* Touchlet */;
			targetProxy = 92A1B30823C4AA2200D7BEF1 /* PBXContainerItemProxy */;
		};
		92A1B31423C4AA2200D7BEF1 /* PBXTargetDependency */ = {
			isa = PBXTargetDependency;
			target = 92A1B2F123C4AA2100D7BEF1 /* Touchlet */;
			targetProxy = 92A1B31323C4AA2200D7BEF1 /* PBXContainerItemProxy */;
		};
/* End PBXTargetDependency section */

/* Begin PBXVariantGroup section */
		92A1B2FE23C4AA2200D7BEF1 /* Main.storyboard */ = {
			isa = PBXVariantGroup;
			children = (
				92A1B2FF23C4AA2200D7BEF1 /* Base */,
			);
			name = Main.storyboard;
			sourceTree = "<group>";
		};
/* End PBXVariantGroup section */

/* Begin XCBuildConfiguration section */
		92A1B31923C4AA2200D7BEF1 /* Debug */ = {
			isa = XCBuildConfiguration;
			buildSettings = {
				ALWAYS_SEARCH_USER_PATHS = NO;
				CLANG_ANALYZER_NONNULL = YES;
				CLANG_ANALYZER_NUMBER_OBJECT_CONVERSION = YES_AGGRESSIVE;
				CLANG_CXX_LANGUAGE_STANDARD = "gnu++14";
				CLANG_CXX_LIBRARY = "libc++";
				CLANG_ENABLE_MODULES = YES;
				CLANG_ENABLE_OBJC_ARC = YES;
				CLANG_ENABLE_OBJC_WEAK = YES;
				CLANG_WARN_BLOCK_CAPTURE_AUTORELEASING = YES;
				CLANG_WARN_BOOL_CONVERSION = YES;
				CLANG_WARN_COMMA = YES;
				CLANG_WARN_CONSTANT_CONVERSION = YES;
				CLANG_WARN_DEPRECATED_OBJC_IMPLEMENTATIONS = YES;
				CLANG_WARN_DIRECT_OBJC_ISA_USAGE = YES_ERROR;
				CLANG_WARN_DOCUMENTATION_COMMENTS = YES;
				CLANG_WARN_EMPTY_BODY = YES;
				CLANG_WARN_ENUM_CONVERSION = YES;
				CLANG_WARN_INFINITE_RECURSION = YES;
				CLANG_WARN_INT_CONVERSION = YES;
				CLANG_WARN_NON_LITERAL_NULL_CONVERSION = YES;
				CLANG_WARN_OBJC_IMPLICIT_RETAIN_SELF = YES;
				CLANG_WARN_OBJC_LITERAL_CONVERSION = YES;
				CLANG_WARN_OBJC_ROOT_CLASS = YES_ERROR;
				CLANG_WARN_RANGE_LOOP_ANALYSIS = YES;
				CLANG_WARN_STRICT_PROTOTYPES = YES;
				CLANG_WARN_SUSPICIOUS_MOVE = YES;
				CLANG_WARN_UNGUARDED_AVAILABILITY = YES_AGGRESSIVE;
				CLANG_WARN_UNREACHABLE_CODE = YES;
				CLANG_WARN__DUPLICATE_METHOD_MATCH = YES;
				CODE_SIGN_IDENTITY = "Mac Developer";
				COPY_PHASE_STRIP = NO;
				DEBUG_INFORMATION_FORMAT = dwarf;
				ENABLE_STRICT_OBJC_MSGSEND = YES;
				ENABLE_TESTABILITY = YES;
				GCC_C_LANGUAGE_STANDARD = gnu11;
				GCC_DYNAMIC_NO_PIC = NO;
				GCC_NO_COMMON_BLOCKS = YES;
				GCC_OPTIMIZATION_LEVEL = 0;
				GCC_PREPROCESSOR_DEFINITIONS = (
					"DEBUG=1",
					"$(inherited)",
				);
				GCC_WARN_64_TO_32_BIT_CONVERSION = YES;
				GCC_WARN_ABOUT_RETURN_TYPE = YES_ERROR;
				GCC_WARN_UNDECLARED_SELECTOR = YES;
				GCC_WARN_UNINITIALIZED_AUTOS = YES_AGGRESSIVE;
				GCC_WARN_UNUSED_FUNCTION = YES;
				GCC_WARN_UNUSED_VARIABLE = YES;
				HEADER_SEARCH_PATHS = "Modules/**";
				MACOSX_DEPLOYMENT_TARGET = 10.13;
				MTL_ENABLE_DEBUG_INFO = INCLUDE_SOURCE;
				MTL_FAST_MATH = YES;
				ONLY_ACTIVE_ARCH = YES;
				SDKROOT = macosx;
				SWIFT_ACTIVE_COMPILATION_CONDITIONS = DEBUG;
				SWIFT_OPTIMIZATION_LEVEL = "-Onone";
			};
			name = Debug;
		};
		92A1B31A23C4AA2200D7BEF1 /* Release */ = {
			isa = XCBuildConfiguration;
			buildSettings = {
				ALWAYS_SEARCH_USER_PATHS = NO;
				CLANG_ANALYZER_NONNULL = YES;
				CLANG_ANALYZER_NUMBER_OBJECT_CONVERSION = YES_AGGRESSIVE;
				CLANG_CXX_LANGUAGE_STANDARD = "gnu++14";
				CLANG_CXX_LIBRARY = "libc++";
				CLANG_ENABLE_MODULES = YES;
				CLANG_ENABLE_OBJC_ARC = YES;
				CLANG_ENABLE_OBJC_WEAK = YES;
				CLANG_WARN_BLOCK_CAPTURE_AUTORELEASING = YES;
				CLANG_WARN_BOOL_CONVERSION = YES;
				CLANG_WARN_COMMA = YES;
				CLANG_WARN_CONSTANT_CONVERSION = YES;
				CLANG_WARN_DEPRECATED_OBJC_IMPLEMENTATIONS = YES;
				CLANG_WARN_DIRECT_OBJC_ISA_USAGE = YES_ERROR;
				CLANG_WARN_DOCUMENTATION_COMMENTS = YES;
				CLANG_WARN_EMPTY_BODY = YES;
				CLANG_WARN_ENUM_CONVERSION = YES;
				CLANG_WARN_INFINITE_RECURSION = YES;
				CLANG_WARN_INT_CONVERSION = YES;
				CLANG_WARN_NON_LITERAL_NULL_CONVERSION = YES;
				CLANG_WARN_OBJC_IMPLICIT_RETAIN_SELF = YES;
				CLANG_WARN_OBJC_LITERAL_CONVERSION = YES;
				CLANG_WARN_OBJC_ROOT_CLASS = YES_ERROR;
				CLANG_WARN_RANGE_LOOP_ANALYSIS = YES;
				CLANG_WARN_STRICT_PROTOTYPES = YES;
				CLANG_WARN_SUSPICIOUS_MOVE = YES;
				CLANG_WARN_UNGUARDED_AVAILABILITY = YES_AGGRESSIVE;
				CLANG_WARN_UNREACHABLE_CODE = YES;
				CLANG_WARN__DUPLICATE_METHOD_MATCH = YES;
				CODE_SIGN_IDENTITY = "Mac Developer";
				COPY_PHASE_STRIP = NO;
				DEBUG_INFORMATION_FORMAT = "dwarf-with-dsym";
				ENABLE_NS_ASSERTIONS = NO;
				ENABLE_STRICT_OBJC_MSGSEND = YES;
				GCC_C_LANGUAGE_STANDARD = gnu11;
				GCC_NO_COMMON_BLOCKS = YES;
				GCC_WARN_64_TO_32_BIT_CONVERSION = YES;
				GCC_WARN_ABOUT_RETURN_TYPE = YES_ERROR;
				GCC_WARN_UNDECLARED_SELECTOR = YES;
				GCC_WARN_UNINITIALIZED_AUTOS = YES_AGGRESSIVE;
				GCC_WARN_UNUSED_FUNCTION = YES;
				GCC_WARN_UNUSED_VARIABLE = YES;
				HEADER_SEARCH_PATHS = "Modules/**";
				MACOSX_DEPLOYMENT_TARGET = 10.13;
				MTL_ENABLE_DEBUG_INFO = NO;
				MTL_FAST_MATH = YES;
				SDKROOT = macosx;
				SWIFT_COMPILATION_MODE = wholemodule;
				SWIFT_OPTIMIZATION_LEVEL = "-O";
			};
			name = Release;
		};
		92A1B31C23C4AA2200D7BEF1 /* Debug */ = {
			isa = XCBuildConfiguration;
			baseConfigurationReference = 90C094CC103844EACE7A68D7 /* Pods-Touchlet.debug.xcconfig */;
			buildSettings = {
				ASSETCATALOG_COMPILER_APPICON_NAME = AppIcon;
				CODE_SIGN_ENTITLEMENTS = Touchlet/Touchlet.entitlements;
				CODE_SIGN_STYLE = Automatic;
				COMBINE_HIDPI_IMAGES = YES;
				DEVELOPMENT_TEAM = ZWXH8BD23X;
				HEADER_SEARCH_PATHS = (
					"$(inherited)",
					"\"${PODS_CONFIGURATION_BUILD_DIR}/HotKey/HotKey.framework/Headers\"",
					"\"${PODS_CONFIGURATION_BUILD_DIR}/Kanna/Kanna.framework/Headers\"",
				);
				INFOPLIST_FILE = Touchlet/Info.plist;
				LD_RUNPATH_SEARCH_PATHS = (
					"$(inherited)",
					"@executable_path/../Frameworks",
				);
				MACOSX_DEPLOYMENT_TARGET = 10.13;
				PRODUCT_BUNDLE_IDENTIFIER = com.heeleeaz.Touchlet;
				PRODUCT_NAME = "$(TARGET_NAME)";
				SWIFT_INCLUDE_PATHS = "$(inherited) $(SDKROOT)/usr/include/libxml2 $(SRCROOT)/Kanna/Modules";
				SWIFT_VERSION = 5.0;
			};
			name = Debug;
		};
		92A1B31D23C4AA2200D7BEF1 /* Release */ = {
			isa = XCBuildConfiguration;
			baseConfigurationReference = 25E1A65C9426C5503D4B6DB7 /* Pods-Touchlet.release.xcconfig */;
			buildSettings = {
				ASSETCATALOG_COMPILER_APPICON_NAME = AppIcon;
				CODE_SIGN_ENTITLEMENTS = Touchlet/Touchlet.entitlements;
				CODE_SIGN_STYLE = Automatic;
				COMBINE_HIDPI_IMAGES = YES;
				DEVELOPMENT_TEAM = ZWXH8BD23X;
				HEADER_SEARCH_PATHS = (
					"$(inherited)",
					"\"${PODS_CONFIGURATION_BUILD_DIR}/HotKey/HotKey.framework/Headers\"",
					"\"${PODS_CONFIGURATION_BUILD_DIR}/Kanna/Kanna.framework/Headers\"",
				);
				INFOPLIST_FILE = Touchlet/Info.plist;
				LD_RUNPATH_SEARCH_PATHS = (
					"$(inherited)",
					"@executable_path/../Frameworks",
				);
				MACOSX_DEPLOYMENT_TARGET = 10.13;
				PRODUCT_BUNDLE_IDENTIFIER = com.heeleeaz.Touchlet;
				PRODUCT_NAME = "$(TARGET_NAME)";
				SWIFT_INCLUDE_PATHS = "$(inherited) $(SRCROOT)/Kanna/Modules $(SDKROOT)/usr/include/libxml2\n$(SDKROOT)/usr/include/libxml2";
				SWIFT_VERSION = 5.0;
			};
			name = Release;
		};
		92A1B31F23C4AA2200D7BEF1 /* Debug */ = {
			isa = XCBuildConfiguration;
			buildSettings = {
				ALWAYS_EMBED_SWIFT_STANDARD_LIBRARIES = YES;
				BUNDLE_LOADER = "$(TEST_HOST)";
				CODE_SIGN_STYLE = Automatic;
				COMBINE_HIDPI_IMAGES = YES;
				DEVELOPMENT_TEAM = ZWXH8BD23X;
				INFOPLIST_FILE = TouchletTests/Info.plist;
				LD_RUNPATH_SEARCH_PATHS = (
					"$(inherited)",
					"@executable_path/../Frameworks",
					"@loader_path/../Frameworks",
				);
				PRODUCT_BUNDLE_IDENTIFIER = com.heeleeaz.TouchletTests;
				PRODUCT_NAME = "$(TARGET_NAME)";
				SWIFT_VERSION = 5.0;
				TEST_HOST = "$(BUILT_PRODUCTS_DIR)/Touchlet.app/Contents/MacOS/Touchlet";
			};
			name = Debug;
		};
		92A1B32023C4AA2200D7BEF1 /* Release */ = {
			isa = XCBuildConfiguration;
			buildSettings = {
				ALWAYS_EMBED_SWIFT_STANDARD_LIBRARIES = YES;
				BUNDLE_LOADER = "$(TEST_HOST)";
				CODE_SIGN_STYLE = Automatic;
				COMBINE_HIDPI_IMAGES = YES;
				DEVELOPMENT_TEAM = ZWXH8BD23X;
				INFOPLIST_FILE = TouchletTests/Info.plist;
				LD_RUNPATH_SEARCH_PATHS = (
					"$(inherited)",
					"@executable_path/../Frameworks",
					"@loader_path/../Frameworks",
				);
				PRODUCT_BUNDLE_IDENTIFIER = com.heeleeaz.TouchletTests;
				PRODUCT_NAME = "$(TARGET_NAME)";
				SWIFT_VERSION = 5.0;
				TEST_HOST = "$(BUILT_PRODUCTS_DIR)/Touchlet.app/Contents/MacOS/Touchlet";
			};
			name = Release;
		};
		92A1B32223C4AA2200D7BEF1 /* Debug */ = {
			isa = XCBuildConfiguration;
			buildSettings = {
				ALWAYS_EMBED_SWIFT_STANDARD_LIBRARIES = YES;
				CODE_SIGN_STYLE = Automatic;
				COMBINE_HIDPI_IMAGES = YES;
				DEVELOPMENT_TEAM = ZWXH8BD23X;
				INFOPLIST_FILE = TouchletUITests/Info.plist;
				LD_RUNPATH_SEARCH_PATHS = (
					"$(inherited)",
					"@executable_path/../Frameworks",
					"@loader_path/../Frameworks",
				);
				PRODUCT_BUNDLE_IDENTIFIER = com.heeleeaz.TouchletUITests;
				PRODUCT_NAME = "$(TARGET_NAME)";
				SWIFT_VERSION = 5.0;
				TEST_TARGET_NAME = Touchlet;
			};
			name = Debug;
		};
		92A1B32323C4AA2200D7BEF1 /* Release */ = {
			isa = XCBuildConfiguration;
			buildSettings = {
				ALWAYS_EMBED_SWIFT_STANDARD_LIBRARIES = YES;
				CODE_SIGN_STYLE = Automatic;
				COMBINE_HIDPI_IMAGES = YES;
				DEVELOPMENT_TEAM = ZWXH8BD23X;
				INFOPLIST_FILE = TouchletUITests/Info.plist;
				LD_RUNPATH_SEARCH_PATHS = (
					"$(inherited)",
					"@executable_path/../Frameworks",
					"@loader_path/../Frameworks",
				);
				PRODUCT_BUNDLE_IDENTIFIER = com.heeleeaz.TouchletUITests;
				PRODUCT_NAME = "$(TARGET_NAME)";
				SWIFT_VERSION = 5.0;
				TEST_TARGET_NAME = Touchlet;
			};
			name = Release;
		};
/* End XCBuildConfiguration section */

/* Begin XCConfigurationList section */
		92A1B2ED23C4AA2100D7BEF1 /* Build configuration list for PBXProject "Touchlet" */ = {
			isa = XCConfigurationList;
			buildConfigurations = (
				92A1B31923C4AA2200D7BEF1 /* Debug */,
				92A1B31A23C4AA2200D7BEF1 /* Release */,
			);
			defaultConfigurationIsVisible = 0;
			defaultConfigurationName = Release;
		};
		92A1B31B23C4AA2200D7BEF1 /* Build configuration list for PBXNativeTarget "Touchlet" */ = {
			isa = XCConfigurationList;
			buildConfigurations = (
				92A1B31C23C4AA2200D7BEF1 /* Debug */,
				92A1B31D23C4AA2200D7BEF1 /* Release */,
			);
			defaultConfigurationIsVisible = 0;
			defaultConfigurationName = Release;
		};
		92A1B31E23C4AA2200D7BEF1 /* Build configuration list for PBXNativeTarget "TouchletTests" */ = {
			isa = XCConfigurationList;
			buildConfigurations = (
				92A1B31F23C4AA2200D7BEF1 /* Debug */,
				92A1B32023C4AA2200D7BEF1 /* Release */,
			);
			defaultConfigurationIsVisible = 0;
			defaultConfigurationName = Release;
		};
		92A1B32123C4AA2200D7BEF1 /* Build configuration list for PBXNativeTarget "TouchletUITests" */ = {
			isa = XCConfigurationList;
			buildConfigurations = (
				92A1B32223C4AA2200D7BEF1 /* Debug */,
				92A1B32323C4AA2200D7BEF1 /* Release */,
			);
			defaultConfigurationIsVisible = 0;
			defaultConfigurationName = Release;
		};
/* End XCConfigurationList section */

/* Begin XCVersionGroup section */
		92A1B2F923C4AA2100D7BEF1 /* Touchlet.xcdatamodeld */ = {
			isa = XCVersionGroup;
			children = (
				92A1B2FA23C4AA2100D7BEF1 /* Touchlet.xcdatamodel */,
			);
			currentVersion = 92A1B2FA23C4AA2100D7BEF1 /* Touchlet.xcdatamodel */;
			path = Touchlet.xcdatamodeld;
			sourceTree = "<group>";
			versionGroupType = wrapper.xcdatamodel;
		};
/* End XCVersionGroup section */
	};
	rootObject = 92A1B2EA23C4AA2100D7BEF1 /* Project object */;
}
