// !$*UTF8*$!
{
	archiveVersion = 1;
	classes = {
	};
	objectVersion = 50;
	objects = {

/* Begin PBXBuildFile section */
		921329F42406EB2000D9FE9E /* AddLinkViewController.xib in Resources */ = {isa = PBXBuildFile; fileRef = 921329F32406EB2000D9FE9E /* AddLinkViewController.xib */; };
		923B986123C5CF8D00BC48A7 /* AppCollectionViewItem.swift in Sources */ = {isa = PBXBuildFile; fileRef = 923B985F23C5CF8D00BC48A7 /* AppCollectionViewItem.swift */; };
		923B986E23C600C000BC48A7 /* HomeItemViewController.swift in Sources */ = {isa = PBXBuildFile; fileRef = 923B986C23C600C000BC48A7 /* HomeItemViewController.swift */; };
		9246321D23CB2F6600042EFE /* AppItemViewController.swift in Sources */ = {isa = PBXBuildFile; fileRef = 9246321C23CB2F6600042EFE /* AppItemViewController.swift */; };
		9246322023CB32C200042EFE /* HomeItemViewController.storyboard in Resources */ = {isa = PBXBuildFile; fileRef = 9246321F23CB32C200042EFE /* HomeItemViewController.storyboard */; };
		925A241523C7378B002BB85F /* BookmarkRepository.swift in Sources */ = {isa = PBXBuildFile; fileRef = 925A241423C7378B002BB85F /* BookmarkRepository.swift */; };
		925A245723C8D811002BB85F /* BookmarkStore.swift in Sources */ = {isa = PBXBuildFile; fileRef = 925A245623C8D811002BB85F /* BookmarkStore.swift */; };
		925A245923C8D88C002BB85F /* BookmarkUserDefaults.swift in Sources */ = {isa = PBXBuildFile; fileRef = 925A245823C8D88C002BB85F /* BookmarkUserDefaults.swift */; };
		925A245E23C8DB80002BB85F /* Link.swift in Sources */ = {isa = PBXBuildFile; fileRef = 925A245D23C8DB80002BB85F /* Link.swift */; };
		925F8C112406C0E3008CC1DE /* KeybindTagView.swift in Sources */ = {isa = PBXBuildFile; fileRef = 925F8C102406C0E3008CC1DE /* KeybindTagView.swift */; };
		9283108023CA773200B115D1 /* LinkCollectionViewItem.swift in Sources */ = {isa = PBXBuildFile; fileRef = 9283107E23CA773200B115D1 /* LinkCollectionViewItem.swift */; };
		9283108423CA78D700B115D1 /* BookmarkViewController.swift in Sources */ = {isa = PBXBuildFile; fileRef = 9283108323CA78D700B115D1 /* BookmarkViewController.swift */; };
		92861C932406DD34001B8EFD /* AddLinkViewController.swift in Sources */ = {isa = PBXBuildFile; fileRef = 92861C922406DD34001B8EFD /* AddLinkViewController.swift */; };
		92A0C8CA2409173F000C5011 /* HomeCollectionViewController.swift in Sources */ = {isa = PBXBuildFile; fileRef = 92A0C8C92409173F000C5011 /* HomeCollectionViewController.swift */; };
		92A1B2F623C4AA2100D7BEF1 /* AppDelegate.swift in Sources */ = {isa = PBXBuildFile; fileRef = 92A1B2F523C4AA2100D7BEF1 /* AppDelegate.swift */; };
		92A1B2F823C4AA2100D7BEF1 /* MainViewController.swift in Sources */ = {isa = PBXBuildFile; fileRef = 92A1B2F723C4AA2100D7BEF1 /* MainViewController.swift */; };
		92A1B2FD23C4AA2200D7BEF1 /* Assets.xcassets in Resources */ = {isa = PBXBuildFile; fileRef = 92A1B2FC23C4AA2200D7BEF1 /* Assets.xcassets */; };
		92A1B30023C4AA2200D7BEF1 /* Main.storyboard in Resources */ = {isa = PBXBuildFile; fileRef = 92A1B2FE23C4AA2200D7BEF1 /* Main.storyboard */; };
		92ACE8EB240FC175009994EB /* DarkTheme.swift in Sources */ = {isa = PBXBuildFile; fileRef = 92ACE8EA240FC175009994EB /* DarkTheme.swift */; };
		92ACE91B241283B0009994EB /* Info.plist in Resources */ = {isa = PBXBuildFile; fileRef = 92A1B30123C4AA2200D7BEF1 /* Info.plist */; };
		92ACEAD82412A564009994EB /* TouchletCore.framework in Frameworks */ = {isa = PBXBuildFile; fileRef = 92ACEAD72412A564009994EB /* TouchletCore.framework */; };
		92ACEAD92412A564009994EB /* TouchletCore.framework in Embed Frameworks */ = {isa = PBXBuildFile; fileRef = 92ACEAD72412A564009994EB /* TouchletCore.framework */; settings = {ATTRIBUTES = (CodeSignOnCopy, RemoveHeadersOnCopy, ); }; };
		92E16C762403D60E00511EE1 /* PreferencesViewController.swift in Sources */ = {isa = PBXBuildFile; fileRef = 92E16C752403D60E00511EE1 /* PreferencesViewController.swift */; };
		92EE13562423A323001513A8 /* PreferencesViewController.xib in Resources */ = {isa = PBXBuildFile; fileRef = 92EE13552423A323001513A8 /* PreferencesViewController.xib */; };
		92FE9B2223D0718100FA6AC6 /* HomeCollectionItemsUtil.swift in Sources */ = {isa = PBXBuildFile; fileRef = 92FE9B2123D0718100FA6AC6 /* HomeCollectionItemsUtil.swift */; };
		92FE9B2523D0ACBC00FA6AC6 /* ButtonCollectionViewItem.swift in Sources */ = {isa = PBXBuildFile; fileRef = 92FE9B2323D0ACBC00FA6AC6 /* ButtonCollectionViewItem.swift */; };
		EC7029672429010EF3346662 /* libPods-TouchletMenu.a in Frameworks */ = {isa = PBXBuildFile; fileRef = F89230C0431EAE8B7888EAEC /* libPods-TouchletMenu.a */; };
/* End PBXBuildFile section */

/* Begin PBXCopyFilesBuildPhase section */
		92ACE8E7240FB7EA009994EB /* Embed Frameworks */ = {
			isa = PBXCopyFilesBuildPhase;
			buildActionMask = 2147483647;
			dstPath = "";
			dstSubfolderSpec = 10;
			files = (
				92ACEAD92412A564009994EB /* TouchletCore.framework in Embed Frameworks */,
			);
			name = "Embed Frameworks";
			runOnlyForDeploymentPostprocessing = 0;
		};
/* End PBXCopyFilesBuildPhase section */

/* Begin PBXFileReference section */
		25E1A65C9426C5503D4B6DB7 /* Pods-Touchlet.release.xcconfig */ = {isa = PBXFileReference; includeInIndex = 1; lastKnownFileType = text.xcconfig; name = "Pods-Touchlet.release.xcconfig"; path = "Target Support Files/Pods-Touchlet/Pods-Touchlet.release.xcconfig"; sourceTree = "<group>"; };
		2D3E4D29A6868EB94951BE85 /* Pods-TouchletLauncher.debug.xcconfig */ = {isa = PBXFileReference; includeInIndex = 1; lastKnownFileType = text.xcconfig; name = "Pods-TouchletLauncher.debug.xcconfig"; path = "Target Support Files/Pods-TouchletLauncher/Pods-TouchletLauncher.debug.xcconfig"; sourceTree = "<group>"; };
		3C6BB6179C6FEE03F2D4494D /* Pods-TouchletMenu.debug.xcconfig */ = {isa = PBXFileReference; includeInIndex = 1; lastKnownFileType = text.xcconfig; name = "Pods-TouchletMenu.debug.xcconfig"; path = "../../Pods/Target Support Files/Pods-TouchletMenu/Pods-TouchletMenu.debug.xcconfig"; sourceTree = "<group>"; };
		3CE5E929780F50A3654027A5 /* Pods_TouchletLauncher.framework */ = {isa = PBXFileReference; explicitFileType = wrapper.framework; includeInIndex = 0; path = Pods_TouchletLauncher.framework; sourceTree = BUILT_PRODUCTS_DIR; };
		53F51ECE91C07ACEAF5F03A2 /* Pods-TouchletMenu.release.xcconfig */ = {isa = PBXFileReference; includeInIndex = 1; lastKnownFileType = text.xcconfig; name = "Pods-TouchletMenu.release.xcconfig"; path = "../../Pods/Target Support Files/Pods-TouchletMenu/Pods-TouchletMenu.release.xcconfig"; sourceTree = "<group>"; };
		90C094CC103844EACE7A68D7 /* Pods-Touchlet.debug.xcconfig */ = {isa = PBXFileReference; includeInIndex = 1; lastKnownFileType = text.xcconfig; name = "Pods-Touchlet.debug.xcconfig"; path = "Target Support Files/Pods-Touchlet/Pods-Touchlet.debug.xcconfig"; sourceTree = "<group>"; };
		921329F32406EB2000D9FE9E /* AddLinkViewController.xib */ = {isa = PBXFileReference; lastKnownFileType = file.xib; path = AddLinkViewController.xib; sourceTree = "<group>"; };
		92132A062407B21300D9FE9E /* libxml2.2.tbd */ = {isa = PBXFileReference; lastKnownFileType = "sourcecode.text-based-dylib-definition"; name = libxml2.2.tbd; path = usr/lib/libxml2.2.tbd; sourceTree = SDKROOT; };
		923B985F23C5CF8D00BC48A7 /* AppCollectionViewItem.swift */ = {isa = PBXFileReference; lastKnownFileType = sourcecode.swift; path = AppCollectionViewItem.swift; sourceTree = "<group>"; };
		923B986C23C600C000BC48A7 /* HomeItemViewController.swift */ = {isa = PBXFileReference; lastKnownFileType = sourcecode.swift; path = HomeItemViewController.swift; sourceTree = "<group>"; };
		9246321C23CB2F6600042EFE /* AppItemViewController.swift */ = {isa = PBXFileReference; fileEncoding = 4; lastKnownFileType = sourcecode.swift; path = AppItemViewController.swift; sourceTree = "<group>"; };
		9246321F23CB32C200042EFE /* HomeItemViewController.storyboard */ = {isa = PBXFileReference; lastKnownFileType = file.storyboard; path = HomeItemViewController.storyboard; sourceTree = "<group>"; };
		925A241423C7378B002BB85F /* BookmarkRepository.swift */ = {isa = PBXFileReference; lastKnownFileType = sourcecode.swift; path = BookmarkRepository.swift; sourceTree = "<group>"; };
		925A243723C76205002BB85F /* libxml2.tbd */ = {isa = PBXFileReference; lastKnownFileType = "sourcecode.text-based-dylib-definition"; name = libxml2.tbd; path = usr/lib/libxml2.tbd; sourceTree = SDKROOT; };
		925A245623C8D811002BB85F /* BookmarkStore.swift */ = {isa = PBXFileReference; lastKnownFileType = sourcecode.swift; path = BookmarkStore.swift; sourceTree = "<group>"; };
		925A245823C8D88C002BB85F /* BookmarkUserDefaults.swift */ = {isa = PBXFileReference; lastKnownFileType = sourcecode.swift; path = BookmarkUserDefaults.swift; sourceTree = "<group>"; };
		925A245D23C8DB80002BB85F /* Link.swift */ = {isa = PBXFileReference; lastKnownFileType = sourcecode.swift; path = Link.swift; sourceTree = "<group>"; };
		925F8C102406C0E3008CC1DE /* KeybindTagView.swift */ = {isa = PBXFileReference; lastKnownFileType = sourcecode.swift; path = KeybindTagView.swift; sourceTree = "<group>"; };
		9283107E23CA773200B115D1 /* LinkCollectionViewItem.swift */ = {isa = PBXFileReference; lastKnownFileType = sourcecode.swift; path = LinkCollectionViewItem.swift; sourceTree = "<group>"; };
		9283108323CA78D700B115D1 /* BookmarkViewController.swift */ = {isa = PBXFileReference; lastKnownFileType = sourcecode.swift; path = BookmarkViewController.swift; sourceTree = "<group>"; };
		92861C922406DD34001B8EFD /* AddLinkViewController.swift */ = {isa = PBXFileReference; fileEncoding = 4; lastKnownFileType = sourcecode.swift; path = AddLinkViewController.swift; sourceTree = "<group>"; };
		92A0C8C92409173F000C5011 /* HomeCollectionViewController.swift */ = {isa = PBXFileReference; lastKnownFileType = sourcecode.swift; path = HomeCollectionViewController.swift; sourceTree = "<group>"; };
		92A1B2F223C4AA2100D7BEF1 /* TouchletMenu.app */ = {isa = PBXFileReference; explicitFileType = wrapper.application; includeInIndex = 0; path = TouchletMenu.app; sourceTree = BUILT_PRODUCTS_DIR; };
		92A1B2F523C4AA2100D7BEF1 /* AppDelegate.swift */ = {isa = PBXFileReference; lastKnownFileType = sourcecode.swift; path = AppDelegate.swift; sourceTree = "<group>"; };
		92A1B2F723C4AA2100D7BEF1 /* MainViewController.swift */ = {isa = PBXFileReference; lastKnownFileType = sourcecode.swift; path = MainViewController.swift; sourceTree = "<group>"; };
		92A1B2FC23C4AA2200D7BEF1 /* Assets.xcassets */ = {isa = PBXFileReference; lastKnownFileType = folder.assetcatalog; path = Assets.xcassets; sourceTree = "<group>"; };
		92A1B2FF23C4AA2200D7BEF1 /* Base */ = {isa = PBXFileReference; lastKnownFileType = file.storyboard; name = Base; path = Base.lproj/Main.storyboard; sourceTree = "<group>"; };
		92A1B30123C4AA2200D7BEF1 /* Info.plist */ = {isa = PBXFileReference; lastKnownFileType = text.plist.xml; path = Info.plist; sourceTree = "<group>"; };
		92A1B30223C4AA2200D7BEF1 /* Touchlet.entitlements */ = {isa = PBXFileReference; lastKnownFileType = text.plist.entitlements; path = Touchlet.entitlements; sourceTree = "<group>"; };
		92ACE8EA240FC175009994EB /* DarkTheme.swift */ = {isa = PBXFileReference; lastKnownFileType = sourcecode.swift; path = DarkTheme.swift; sourceTree = "<group>"; };
		92ACEAD72412A564009994EB /* TouchletCore.framework */ = {isa = PBXFileReference; explicitFileType = wrapper.framework; path = TouchletCore.framework; sourceTree = BUILT_PRODUCTS_DIR; };
		92B49A8424169C8800E6AF35 /* TouchletPanel.app */ = {isa = PBXFileReference; explicitFileType = wrapper.application; path = TouchletPanel.app; sourceTree = BUILT_PRODUCTS_DIR; };
		92E16C752403D60E00511EE1 /* PreferencesViewController.swift */ = {isa = PBXFileReference; lastKnownFileType = sourcecode.swift; path = PreferencesViewController.swift; sourceTree = "<group>"; };
		92EE13552423A323001513A8 /* PreferencesViewController.xib */ = {isa = PBXFileReference; lastKnownFileType = file.xib; path = PreferencesViewController.xib; sourceTree = "<group>"; };
		92FE9B2123D0718100FA6AC6 /* HomeCollectionItemsUtil.swift */ = {isa = PBXFileReference; lastKnownFileType = sourcecode.swift; path = HomeCollectionItemsUtil.swift; sourceTree = "<group>"; };
		92FE9B2323D0ACBC00FA6AC6 /* ButtonCollectionViewItem.swift */ = {isa = PBXFileReference; lastKnownFileType = sourcecode.swift; path = ButtonCollectionViewItem.swift; sourceTree = "<group>"; };
		B72E19481489507B4114A98F /* libPods-Core.a */ = {isa = PBXFileReference; explicitFileType = archive.ar; includeInIndex = 0; path = "libPods-Core.a"; sourceTree = BUILT_PRODUCTS_DIR; };
		B73D673B8911D73B7B4BCCFE /* Pods-Core.release.xcconfig */ = {isa = PBXFileReference; includeInIndex = 1; lastKnownFileType = text.xcconfig; name = "Pods-Core.release.xcconfig"; path = "../../Pods/Target Support Files/Pods-Core/Pods-Core.release.xcconfig"; sourceTree = "<group>"; };
		F0FBDB810568CF2C9987E468 /* Pods-TouchletLauncher.release.xcconfig */ = {isa = PBXFileReference; includeInIndex = 1; lastKnownFileType = text.xcconfig; name = "Pods-TouchletLauncher.release.xcconfig"; path = "Target Support Files/Pods-TouchletLauncher/Pods-TouchletLauncher.release.xcconfig"; sourceTree = "<group>"; };
		F89230C0431EAE8B7888EAEC /* libPods-TouchletMenu.a */ = {isa = PBXFileReference; explicitFileType = archive.ar; includeInIndex = 0; path = "libPods-TouchletMenu.a"; sourceTree = BUILT_PRODUCTS_DIR; };
		FB0A284A8A051192F58DC470 /* Pods-Core.debug.xcconfig */ = {isa = PBXFileReference; includeInIndex = 1; lastKnownFileType = text.xcconfig; name = "Pods-Core.debug.xcconfig"; path = "../../Pods/Target Support Files/Pods-Core/Pods-Core.debug.xcconfig"; sourceTree = "<group>"; };
/* End PBXFileReference section */

/* Begin PBXFrameworksBuildPhase section */
		92A1B2EF23C4AA2100D7BEF1 /* Frameworks */ = {
			isa = PBXFrameworksBuildPhase;
			buildActionMask = 2147483647;
			files = (
				EC7029672429010EF3346662 /* libPods-TouchletMenu.a in Frameworks */,
				92ACEAD82412A564009994EB /* TouchletCore.framework in Frameworks */,
			);
			runOnlyForDeploymentPostprocessing = 0;
		};
/* End PBXFrameworksBuildPhase section */

/* Begin PBXGroup section */
		47FCF28CB828B4E8BAB125E9 /* Pods */ = {
			isa = PBXGroup;
			children = (
				90C094CC103844EACE7A68D7 /* Pods-Touchlet.debug.xcconfig */,
				25E1A65C9426C5503D4B6DB7 /* Pods-Touchlet.release.xcconfig */,
				2D3E4D29A6868EB94951BE85 /* Pods-TouchletLauncher.debug.xcconfig */,
				F0FBDB810568CF2C9987E468 /* Pods-TouchletLauncher.release.xcconfig */,
				FB0A284A8A051192F58DC470 /* Pods-Core.debug.xcconfig */,
				B73D673B8911D73B7B4BCCFE /* Pods-Core.release.xcconfig */,
				3C6BB6179C6FEE03F2D4494D /* Pods-TouchletMenu.debug.xcconfig */,
				53F51ECE91C07ACEAF5F03A2 /* Pods-TouchletMenu.release.xcconfig */,
			);
			path = Pods;
			sourceTree = "<group>";
		};
		9209AD9824080EAC0057E21D /* Store */ = {
			isa = PBXGroup;
			children = (
				925A245D23C8DB80002BB85F /* Link.swift */,
				925A241423C7378B002BB85F /* BookmarkRepository.swift */,
				925A245623C8D811002BB85F /* BookmarkStore.swift */,
				925A245823C8D88C002BB85F /* BookmarkUserDefaults.swift */,
			);
			path = Store;
			sourceTree = "<group>";
		};
		923B987023C602E300BC48A7 /* Main */ = {
			isa = PBXGroup;
			children = (
				92A1B2FE23C4AA2200D7BEF1 /* Main.storyboard */,
				92A1B2F723C4AA2100D7BEF1 /* MainViewController.swift */,
			);
			path = Main;
			sourceTree = "<group>";
		};
		925A243623C76205002BB85F /* Frameworks */ = {
			isa = PBXGroup;
			children = (
				92B49A8424169C8800E6AF35 /* TouchletPanel.app */,
				92ACEAD72412A564009994EB /* TouchletCore.framework */,
				92132A062407B21300D9FE9E /* libxml2.2.tbd */,
				925A243723C76205002BB85F /* libxml2.tbd */,
				3CE5E929780F50A3654027A5 /* Pods_TouchletLauncher.framework */,
				B72E19481489507B4114A98F /* libPods-Core.a */,
				F89230C0431EAE8B7888EAEC /* libPods-TouchletMenu.a */,
			);
			name = Frameworks;
			sourceTree = "<group>";
		};
		925A245523C8D7D8002BB85F /* Bookmarks */ = {
			isa = PBXGroup;
			children = (
				9209AD9824080EAC0057E21D /* Store */,
				9283108223CA773A00B115D1 /* UI */,
			);
			path = Bookmarks;
			sourceTree = "<group>";
		};
		9283108223CA773A00B115D1 /* UI */ = {
			isa = PBXGroup;
			children = (
				921329F32406EB2000D9FE9E /* AddLinkViewController.xib */,
				92861C922406DD34001B8EFD /* AddLinkViewController.swift */,
				9283108323CA78D700B115D1 /* BookmarkViewController.swift */,
				9283107E23CA773200B115D1 /* LinkCollectionViewItem.swift */,
			);
			path = UI;
			sourceTree = "<group>";
		};
		9283108723CA7CBF00B115D1 /* Spotlights */ = {
			isa = PBXGroup;
			children = (
				92ACE8AC240FB0CC009994EB /* UI */,
			);
			path = Spotlights;
			sourceTree = "<group>";
		};
		92A1B2E923C4AA2100D7BEF1 = {
			isa = PBXGroup;
			children = (
				92A1B2F423C4AA2100D7BEF1 /* TouchletMenu */,
				92A1B2F323C4AA2100D7BEF1 /* Products */,
				925A243623C76205002BB85F /* Frameworks */,
				47FCF28CB828B4E8BAB125E9 /* Pods */,
			);
			sourceTree = "<group>";
		};
		92A1B2F323C4AA2100D7BEF1 /* Products */ = {
			isa = PBXGroup;
			children = (
				92A1B2F223C4AA2100D7BEF1 /* TouchletMenu.app */,
			);
			name = Products;
			sourceTree = "<group>";
		};
		92A1B2F423C4AA2100D7BEF1 /* TouchletMenu */ = {
			isa = PBXGroup;
			children = (
				92ACE91C2412874F009994EB /* Supporting Files */,
				92A1B33623C4DBBF00D7BEF1 /* Application */,
				92ACE8E9240FC133009994EB /* Themes */,
				923B987023C602E300BC48A7 /* Main */,
				92D98A7B240439740072F68F /* Preferences */,
				92A1B33D23C4E7EB00D7BEF1 /* Home */,
			);
			path = TouchletMenu;
			sourceTree = "<group>";
		};
		92A1B33623C4DBBF00D7BEF1 /* Application */ = {
			isa = PBXGroup;
			children = (
				92A1B2F523C4AA2100D7BEF1 /* AppDelegate.swift */,
			);
			path = Application;
			sourceTree = "<group>";
		};
		92A1B33D23C4E7EB00D7BEF1 /* Home */ = {
			isa = PBXGroup;
			children = (
				92ACE8AE240FB108009994EB /* UI */,
				9283108723CA7CBF00B115D1 /* Spotlights */,
				925A245523C8D7D8002BB85F /* Bookmarks */,
			);
			path = Home;
			sourceTree = "<group>";
		};
		92ACE8AC240FB0CC009994EB /* UI */ = {
			isa = PBXGroup;
			children = (
				9246321C23CB2F6600042EFE /* AppItemViewController.swift */,
				923B985F23C5CF8D00BC48A7 /* AppCollectionViewItem.swift */,
			);
			path = UI;
			sourceTree = "<group>";
		};
		92ACE8AE240FB108009994EB /* UI */ = {
			isa = PBXGroup;
			children = (
				92FE9B2323D0ACBC00FA6AC6 /* ButtonCollectionViewItem.swift */,
				923B986C23C600C000BC48A7 /* HomeItemViewController.swift */,
				92FE9B2123D0718100FA6AC6 /* HomeCollectionItemsUtil.swift */,
				92A0C8C92409173F000C5011 /* HomeCollectionViewController.swift */,
				9246321F23CB32C200042EFE /* HomeItemViewController.storyboard */,
			);
			path = UI;
			sourceTree = "<group>";
		};
		92ACE8E9240FC133009994EB /* Themes */ = {
			isa = PBXGroup;
			children = (
				92ACE8EA240FC175009994EB /* DarkTheme.swift */,
			);
			path = Themes;
			sourceTree = "<group>";
		};
		92ACE91C2412874F009994EB /* Supporting Files */ = {
			isa = PBXGroup;
			children = (
				92A1B2FC23C4AA2200D7BEF1 /* Assets.xcassets */,
				92A1B30123C4AA2200D7BEF1 /* Info.plist */,
				92A1B30223C4AA2200D7BEF1 /* Touchlet.entitlements */,
			);
			name = "Supporting Files";
			sourceTree = "<group>";
		};
		92D98A7B240439740072F68F /* Preferences */ = {
			isa = PBXGroup;
			children = (
				925F8C102406C0E3008CC1DE /* KeybindTagView.swift */,
				92E16C752403D60E00511EE1 /* PreferencesViewController.swift */,
				92EE13552423A323001513A8 /* PreferencesViewController.xib */,
			);
			path = Preferences;
			sourceTree = "<group>";
		};
/* End PBXGroup section */

/* Begin PBXNativeTarget section */
		92A1B2F123C4AA2100D7BEF1 /* TouchletMenu */ = {
			isa = PBXNativeTarget;
			buildConfigurationList = 92A1B31B23C4AA2200D7BEF1 /* Build configuration list for PBXNativeTarget "TouchletMenu" */;
			buildPhases = (
				EEE34B347D7308731DC6B5EF /* [CP] Check Pods Manifest.lock */,
				92A1B2EE23C4AA2100D7BEF1 /* Sources */,
				92A1B2EF23C4AA2100D7BEF1 /* Frameworks */,
				92A1B2F023C4AA2100D7BEF1 /* Resources */,
				92ACE8E7240FB7EA009994EB /* Embed Frameworks */,
			);
			buildRules = (
			);
			dependencies = (
			);
			name = TouchletMenu;
			productName = Touchlet;
			productReference = 92A1B2F223C4AA2100D7BEF1 /* TouchletMenu.app */;
			productType = "com.apple.product-type.application";
		};
/* End PBXNativeTarget section */

/* Begin PBXProject section */
		92A1B2EA23C4AA2100D7BEF1 /* Project object */ = {
			isa = PBXProject;
			attributes = {
				LastSwiftUpdateCheck = 1130;
				LastUpgradeCheck = 1030;
				ORGANIZATIONNAME = "Elias Igbalajobi";
				TargetAttributes = {
					92A1B2F123C4AA2100D7BEF1 = {
						CreatedOnToolsVersion = 10.3;
					};
				};
			};
			buildConfigurationList = 92A1B2ED23C4AA2100D7BEF1 /* Build configuration list for PBXProject "TouchletMenu" */;
			compatibilityVersion = "Xcode 9.3";
			developmentRegion = en;
			hasScannedForEncodings = 0;
			knownRegions = (
				en,
				Base,
			);
			mainGroup = 92A1B2E923C4AA2100D7BEF1;
			productRefGroup = 92A1B2F323C4AA2100D7BEF1 /* Products */;
			projectDirPath = "";
			projectRoot = "";
			targets = (
				92A1B2F123C4AA2100D7BEF1 /* TouchletMenu */,
			);
		};
/* End PBXProject section */

/* Begin PBXResourcesBuildPhase section */
		92A1B2F023C4AA2100D7BEF1 /* Resources */ = {
			isa = PBXResourcesBuildPhase;
			buildActionMask = 2147483647;
			files = (
				92A1B2FD23C4AA2200D7BEF1 /* Assets.xcassets in Resources */,
				92ACE91B241283B0009994EB /* Info.plist in Resources */,
				92EE13562423A323001513A8 /* PreferencesViewController.xib in Resources */,
				921329F42406EB2000D9FE9E /* AddLinkViewController.xib in Resources */,
				9246322023CB32C200042EFE /* HomeItemViewController.storyboard in Resources */,
				92A1B30023C4AA2200D7BEF1 /* Main.storyboard in Resources */,
			);
			runOnlyForDeploymentPostprocessing = 0;
		};
/* End PBXResourcesBuildPhase section */

/* Begin PBXShellScriptBuildPhase section */
		EEE34B347D7308731DC6B5EF /* [CP] Check Pods Manifest.lock */ = {
			isa = PBXShellScriptBuildPhase;
			buildActionMask = 2147483647;
			files = (
			);
			inputFileListPaths = (
			);
			inputPaths = (
				"${PODS_PODFILE_DIR_PATH}/Podfile.lock",
				"${PODS_ROOT}/Manifest.lock",
			);
			name = "[CP] Check Pods Manifest.lock";
			outputFileListPaths = (
			);
			outputPaths = (
				"$(DERIVED_FILE_DIR)/Pods-TouchletMenu-checkManifestLockResult.txt",
			);
			runOnlyForDeploymentPostprocessing = 0;
			shellPath = /bin/sh;
			shellScript = "diff \"${PODS_PODFILE_DIR_PATH}/Podfile.lock\" \"${PODS_ROOT}/Manifest.lock\" > /dev/null\nif [ $? != 0 ] ; then\n    # print error to STDERR\n    echo \"error: The sandbox is not in sync with the Podfile.lock. Run 'pod install' or update your CocoaPods installation.\" >&2\n    exit 1\nfi\n# This output is used by Xcode 'outputs' to avoid re-running this script phase.\necho \"SUCCESS\" > \"${SCRIPT_OUTPUT_FILE_0}\"\n";
			showEnvVarsInLog = 0;
		};
/* End PBXShellScriptBuildPhase section */

/* Begin PBXSourcesBuildPhase section */
		92A1B2EE23C4AA2100D7BEF1 /* Sources */ = {
			isa = PBXSourcesBuildPhase;
			buildActionMask = 2147483647;
			files = (
				923B986123C5CF8D00BC48A7 /* AppCollectionViewItem.swift in Sources */,
				92FE9B2523D0ACBC00FA6AC6 /* ButtonCollectionViewItem.swift in Sources */,
				92861C932406DD34001B8EFD /* AddLinkViewController.swift in Sources */,
				92E16C762403D60E00511EE1 /* PreferencesViewController.swift in Sources */,
				92FE9B2223D0718100FA6AC6 /* HomeCollectionItemsUtil.swift in Sources */,
				925A245723C8D811002BB85F /* BookmarkStore.swift in Sources */,
				925A241523C7378B002BB85F /* BookmarkRepository.swift in Sources */,
				92A1B2F823C4AA2100D7BEF1 /* MainViewController.swift in Sources */,
				92ACE8EB240FC175009994EB /* DarkTheme.swift in Sources */,
				925A245923C8D88C002BB85F /* BookmarkUserDefaults.swift in Sources */,
				9283108023CA773200B115D1 /* LinkCollectionViewItem.swift in Sources */,
				925A245E23C8DB80002BB85F /* Link.swift in Sources */,
				9283108423CA78D700B115D1 /* BookmarkViewController.swift in Sources */,
				92A0C8CA2409173F000C5011 /* HomeCollectionViewController.swift in Sources */,
				923B986E23C600C000BC48A7 /* HomeItemViewController.swift in Sources */,
				9246321D23CB2F6600042EFE /* AppItemViewController.swift in Sources */,
				925F8C112406C0E3008CC1DE /* KeybindTagView.swift in Sources */,
				92A1B2F623C4AA2100D7BEF1 /* AppDelegate.swift in Sources */,
			);
			runOnlyForDeploymentPostprocessing = 0;
		};
/* End PBXSourcesBuildPhase section */

/* Begin PBXVariantGroup section */
		92A1B2FE23C4AA2200D7BEF1 /* Main.storyboard */ = {
			isa = PBXVariantGroup;
			children = (
				92A1B2FF23C4AA2200D7BEF1 /* Base */,
			);
			name = Main.storyboard;
			sourceTree = "<group>";
		};
/* End PBXVariantGroup section */

/* Begin XCBuildConfiguration section */
		92A1B31923C4AA2200D7BEF1 /* Debug */ = {
			isa = XCBuildConfiguration;
			buildSettings = {
				ALWAYS_SEARCH_USER_PATHS = NO;
				CLANG_ANALYZER_NONNULL = YES;
				CLANG_ANALYZER_NUMBER_OBJECT_CONVERSION = YES_AGGRESSIVE;
				CLANG_CXX_LANGUAGE_STANDARD = "gnu++14";
				CLANG_CXX_LIBRARY = "libc++";
				CLANG_ENABLE_MODULES = YES;
				CLANG_ENABLE_OBJC_ARC = YES;
				CLANG_ENABLE_OBJC_WEAK = YES;
				CLANG_WARN_BLOCK_CAPTURE_AUTORELEASING = YES;
				CLANG_WARN_BOOL_CONVERSION = YES;
				CLANG_WARN_COMMA = YES;
				CLANG_WARN_CONSTANT_CONVERSION = YES;
				CLANG_WARN_DEPRECATED_OBJC_IMPLEMENTATIONS = YES;
				CLANG_WARN_DIRECT_OBJC_ISA_USAGE = YES_ERROR;
				CLANG_WARN_DOCUMENTATION_COMMENTS = YES;
				CLANG_WARN_EMPTY_BODY = YES;
				CLANG_WARN_ENUM_CONVERSION = YES;
				CLANG_WARN_INFINITE_RECURSION = YES;
				CLANG_WARN_INT_CONVERSION = YES;
				CLANG_WARN_NON_LITERAL_NULL_CONVERSION = YES;
				CLANG_WARN_OBJC_IMPLICIT_RETAIN_SELF = YES;
				CLANG_WARN_OBJC_LITERAL_CONVERSION = YES;
				CLANG_WARN_OBJC_ROOT_CLASS = YES_ERROR;
				CLANG_WARN_RANGE_LOOP_ANALYSIS = YES;
				CLANG_WARN_STRICT_PROTOTYPES = YES;
				CLANG_WARN_SUSPICIOUS_MOVE = YES;
				CLANG_WARN_UNGUARDED_AVAILABILITY = YES_AGGRESSIVE;
				CLANG_WARN_UNREACHABLE_CODE = YES;
				CLANG_WARN__DUPLICATE_METHOD_MATCH = YES;
				CODE_SIGN_IDENTITY = "Mac Developer";
				COPY_PHASE_STRIP = NO;
				DEBUG_INFORMATION_FORMAT = dwarf;
				DEFINES_MODULE = YES;
				ENABLE_STRICT_OBJC_MSGSEND = YES;
				ENABLE_TESTABILITY = YES;
				GCC_C_LANGUAGE_STANDARD = gnu11;
				GCC_DYNAMIC_NO_PIC = NO;
				GCC_NO_COMMON_BLOCKS = YES;
				GCC_OPTIMIZATION_LEVEL = 0;
				GCC_PREPROCESSOR_DEFINITIONS = (
					"DEBUG=1",
					"$(inherited)",
				);
				GCC_WARN_64_TO_32_BIT_CONVERSION = YES;
				GCC_WARN_ABOUT_RETURN_TYPE = YES_ERROR;
				GCC_WARN_UNDECLARED_SELECTOR = YES;
				GCC_WARN_UNINITIALIZED_AUTOS = YES_AGGRESSIVE;
				GCC_WARN_UNUSED_FUNCTION = YES;
				GCC_WARN_UNUSED_VARIABLE = YES;
				HEADER_SEARCH_PATHS = "Modules/**";
				MACOSX_DEPLOYMENT_TARGET = 10.13;
				MTL_ENABLE_DEBUG_INFO = INCLUDE_SOURCE;
				MTL_FAST_MATH = YES;
				ONLY_ACTIVE_ARCH = YES;
				SDKROOT = macosx;
				SWIFT_ACTIVE_COMPILATION_CONDITIONS = DEBUG;
				SWIFT_OPTIMIZATION_LEVEL = "-Onone";
			};
			name = Debug;
		};
		92A1B31A23C4AA2200D7BEF1 /* Release */ = {
			isa = XCBuildConfiguration;
			buildSettings = {
				ALWAYS_SEARCH_USER_PATHS = NO;
				CLANG_ANALYZER_NONNULL = YES;
				CLANG_ANALYZER_NUMBER_OBJECT_CONVERSION = YES_AGGRESSIVE;
				CLANG_CXX_LANGUAGE_STANDARD = "gnu++14";
				CLANG_CXX_LIBRARY = "libc++";
				CLANG_ENABLE_MODULES = YES;
				CLANG_ENABLE_OBJC_ARC = YES;
				CLANG_ENABLE_OBJC_WEAK = YES;
				CLANG_WARN_BLOCK_CAPTURE_AUTORELEASING = YES;
				CLANG_WARN_BOOL_CONVERSION = YES;
				CLANG_WARN_COMMA = YES;
				CLANG_WARN_CONSTANT_CONVERSION = YES;
				CLANG_WARN_DEPRECATED_OBJC_IMPLEMENTATIONS = YES;
				CLANG_WARN_DIRECT_OBJC_ISA_USAGE = YES_ERROR;
				CLANG_WARN_DOCUMENTATION_COMMENTS = YES;
				CLANG_WARN_EMPTY_BODY = YES;
				CLANG_WARN_ENUM_CONVERSION = YES;
				CLANG_WARN_INFINITE_RECURSION = YES;
				CLANG_WARN_INT_CONVERSION = YES;
				CLANG_WARN_NON_LITERAL_NULL_CONVERSION = YES;
				CLANG_WARN_OBJC_IMPLICIT_RETAIN_SELF = YES;
				CLANG_WARN_OBJC_LITERAL_CONVERSION = YES;
				CLANG_WARN_OBJC_ROOT_CLASS = YES_ERROR;
				CLANG_WARN_RANGE_LOOP_ANALYSIS = YES;
				CLANG_WARN_STRICT_PROTOTYPES = YES;
				CLANG_WARN_SUSPICIOUS_MOVE = YES;
				CLANG_WARN_UNGUARDED_AVAILABILITY = YES_AGGRESSIVE;
				CLANG_WARN_UNREACHABLE_CODE = YES;
				CLANG_WARN__DUPLICATE_METHOD_MATCH = YES;
				CODE_SIGN_IDENTITY = "Mac Developer";
				COPY_PHASE_STRIP = NO;
				DEBUG_INFORMATION_FORMAT = "dwarf-with-dsym";
				DEFINES_MODULE = YES;
				ENABLE_NS_ASSERTIONS = NO;
				ENABLE_STRICT_OBJC_MSGSEND = YES;
				GCC_C_LANGUAGE_STANDARD = gnu11;
				GCC_NO_COMMON_BLOCKS = YES;
				GCC_WARN_64_TO_32_BIT_CONVERSION = YES;
				GCC_WARN_ABOUT_RETURN_TYPE = YES_ERROR;
				GCC_WARN_UNDECLARED_SELECTOR = YES;
				GCC_WARN_UNINITIALIZED_AUTOS = YES_AGGRESSIVE;
				GCC_WARN_UNUSED_FUNCTION = YES;
				GCC_WARN_UNUSED_VARIABLE = YES;
				HEADER_SEARCH_PATHS = "Modules/**";
				MACOSX_DEPLOYMENT_TARGET = 10.13;
				MTL_ENABLE_DEBUG_INFO = NO;
				MTL_FAST_MATH = YES;
				SDKROOT = macosx;
				SWIFT_COMPILATION_MODE = wholemodule;
				SWIFT_OPTIMIZATION_LEVEL = "-O";
			};
			name = Release;
		};
		92A1B31C23C4AA2200D7BEF1 /* Debug */ = {
			isa = XCBuildConfiguration;
			baseConfigurationReference = 3C6BB6179C6FEE03F2D4494D /* Pods-TouchletMenu.debug.xcconfig */;
			buildSettings = {
				ASSETCATALOG_COMPILER_APPICON_NAME = AppIcon;
				CODE_SIGN_ENTITLEMENTS = TouchletMenu/Touchlet.entitlements;
				CODE_SIGN_STYLE = Automatic;
				COMBINE_HIDPI_IMAGES = YES;
				DEVELOPMENT_TEAM = ZWXH8BD23X;
				HEADER_SEARCH_PATHS = (
					"$(inherited)",
					"\"${PODS_CONFIGURATION_BUILD_DIR}/HotKey/HotKey.framework/Headers\"",
					"\"${PODS_CONFIGURATION_BUILD_DIR}/Kanna/Kanna.framework/Headers\"",
				);
				INFOPLIST_FILE = TouchletMenu/Info.plist;
				LD_RUNPATH_SEARCH_PATHS = (
					"$(inherited)",
					"@executable_path/../Frameworks",
				);
				MACOSX_DEPLOYMENT_TARGET = 10.13;
				PRODUCT_BUNDLE_IDENTIFIER = com.heeleeaz.touchlet.TouchletMenu;
				PRODUCT_NAME = "$(TARGET_NAME)";
				SWIFT_INCLUDE_PATHS = "$(inherited) $(SDKROOT)/usr/include/libxml2 $(SRCROOT)/Kanna/Modules";
				SWIFT_VERSION = 5.0;
			};
			name = Debug;
		};
		92A1B31D23C4AA2200D7BEF1 /* Release */ = {
			isa = XCBuildConfiguration;
			baseConfigurationReference = 53F51ECE91C07ACEAF5F03A2 /* Pods-TouchletMenu.release.xcconfig */;
			buildSettings = {
				ASSETCATALOG_COMPILER_APPICON_NAME = AppIcon;
				CODE_SIGN_ENTITLEMENTS = TouchletMenu/Touchlet.entitlements;
				CODE_SIGN_STYLE = Automatic;
				COMBINE_HIDPI_IMAGES = YES;
				DEVELOPMENT_TEAM = ZWXH8BD23X;
				HEADER_SEARCH_PATHS = (
					"$(inherited)",
					"\"${PODS_CONFIGURATION_BUILD_DIR}/HotKey/HotKey.framework/Headers\"",
					"\"${PODS_CONFIGURATION_BUILD_DIR}/Kanna/Kanna.framework/Headers\"",
				);
				INFOPLIST_FILE = TouchletMenu/Info.plist;
				LD_RUNPATH_SEARCH_PATHS = (
					"$(inherited)",
					"@executable_path/../Frameworks",
				);
				MACOSX_DEPLOYMENT_TARGET = 10.13;
				PRODUCT_BUNDLE_IDENTIFIER = com.heeleeaz.touchlet.TouchletMenu;
				PRODUCT_NAME = "$(TARGET_NAME)";
				SWIFT_INCLUDE_PATHS = "$(inherited) $(SRCROOT)/Kanna/Modules $(SDKROOT)/usr/include/libxml2\n$(SDKROOT)/usr/include/libxml2";
				SWIFT_VERSION = 5.0;
			};
			name = Release;
		};
/* End XCBuildConfiguration section */

/* Begin XCConfigurationList section */
		92A1B2ED23C4AA2100D7BEF1 /* Build configuration list for PBXProject "TouchletMenu" */ = {
			isa = XCConfigurationList;
			buildConfigurations = (
				92A1B31923C4AA2200D7BEF1 /* Debug */,
				92A1B31A23C4AA2200D7BEF1 /* Release */,
			);
			defaultConfigurationIsVisible = 0;
			defaultConfigurationName = Release;
		};
		92A1B31B23C4AA2200D7BEF1 /* Build configuration list for PBXNativeTarget "TouchletMenu" */ = {
			isa = XCConfigurationList;
			buildConfigurations = (
				92A1B31C23C4AA2200D7BEF1 /* Debug */,
				92A1B31D23C4AA2200D7BEF1 /* Release */,
			);
			defaultConfigurationIsVisible = 0;
			defaultConfigurationName = Release;
		};
/* End XCConfigurationList section */
	};
	rootObject = 92A1B2EA23C4AA2100D7BEF1 /* Project object */;
}
